// !$*UTF8*$!
{
	archiveVersion = 1;
	classes = {
	};
	objectVersion = 55;
	objects = {

/* Begin PBXBuildFile section */
		B698DD9D285881FB0009077E /* AppDelegate.swift in Sources */ = {isa = PBXBuildFile; fileRef = B698DD9C285881FB0009077E /* AppDelegate.swift */; };
		B698DD9F285881FB0009077E /* SceneDelegate.swift in Sources */ = {isa = PBXBuildFile; fileRef = B698DD9E285881FB0009077E /* SceneDelegate.swift */; };
		B698DDA1285881FB0009077E /* TabBarViewController.swift in Sources */ = {isa = PBXBuildFile; fileRef = B698DDA0285881FB0009077E /* TabBarViewController.swift */; };
		B698DDA4285881FB0009077E /* Main.storyboard in Resources */ = {isa = PBXBuildFile; fileRef = B698DDA2285881FB0009077E /* Main.storyboard */; };
		B698DDA6285881FD0009077E /* Assets.xcassets in Resources */ = {isa = PBXBuildFile; fileRef = B698DDA5285881FD0009077E /* Assets.xcassets */; };
		B698DDA9285881FD0009077E /* LaunchScreen.storyboard in Resources */ = {isa = PBXBuildFile; fileRef = B698DDA7285881FD0009077E /* LaunchScreen.storyboard */; };
		B698DDB328588D280009077E /* GoogleService-Info.plist in Resources */ = {isa = PBXBuildFile; fileRef = B698DDB228588D280009077E /* GoogleService-Info.plist */; };
		B698DDB52858B8540009077E /* MapViewController.swift in Sources */ = {isa = PBXBuildFile; fileRef = B698DDB42858B8540009077E /* MapViewController.swift */; };
		B698DDB72858B8850009077E /* ExploreViewController.swift in Sources */ = {isa = PBXBuildFile; fileRef = B698DDB62858B8850009077E /* ExploreViewController.swift */; };
		B698DDB92858B8A90009077E /* PublishViewController.swift in Sources */ = {isa = PBXBuildFile; fileRef = B698DDB82858B8A90009077E /* PublishViewController.swift */; };
		B698DDBB2858B8BA0009077E /* ChatViewController.swift in Sources */ = {isa = PBXBuildFile; fileRef = B698DDBA2858B8BA0009077E /* ChatViewController.swift */; };
		B698DDBD2858B8CC0009077E /* ProfileViewController.swift in Sources */ = {isa = PBXBuildFile; fileRef = B698DDBC2858B8CC0009077E /* ProfileViewController.swift */; };
		B698DDC02858B99F0009077E /* UIImage+Extension.swift in Sources */ = {isa = PBXBuildFile; fileRef = B698DDBF2858B99F0009077E /* UIImage+Extension.swift */; };
		B698DDC22858CE9D0009077E /* UIView+Extension.swift in Sources */ = {isa = PBXBuildFile; fileRef = B698DDC12858CE9D0009077E /* UIView+Extension.swift */; };
		C616981117A2021ACBB94FA1 /* Pods_PawKing.framework in Frameworks */ = {isa = PBXBuildFile; fileRef = F3366849FA1579D202FA53C8 /* Pods_PawKing.framework */; };
/* End PBXBuildFile section */

/* Begin PBXFileReference section */
		3892957CF3DC689420745EBB /* Pods-PawKing.debug.xcconfig */ = {isa = PBXFileReference; includeInIndex = 1; lastKnownFileType = text.xcconfig; name = "Pods-PawKing.debug.xcconfig"; path = "Target Support Files/Pods-PawKing/Pods-PawKing.debug.xcconfig"; sourceTree = "<group>"; };
		5AF034E01BB911618BEB17BE /* Pods-PawKing.release.xcconfig */ = {isa = PBXFileReference; includeInIndex = 1; lastKnownFileType = text.xcconfig; name = "Pods-PawKing.release.xcconfig"; path = "Target Support Files/Pods-PawKing/Pods-PawKing.release.xcconfig"; sourceTree = "<group>"; };
		B698DD99285881FB0009077E /* PawKing.app */ = {isa = PBXFileReference; explicitFileType = wrapper.application; includeInIndex = 0; path = PawKing.app; sourceTree = BUILT_PRODUCTS_DIR; };
		B698DD9C285881FB0009077E /* AppDelegate.swift */ = {isa = PBXFileReference; lastKnownFileType = sourcecode.swift; path = AppDelegate.swift; sourceTree = "<group>"; };
		B698DD9E285881FB0009077E /* SceneDelegate.swift */ = {isa = PBXFileReference; lastKnownFileType = sourcecode.swift; path = SceneDelegate.swift; sourceTree = "<group>"; };
		B698DDA0285881FB0009077E /* TabBarViewController.swift */ = {isa = PBXFileReference; lastKnownFileType = sourcecode.swift; path = TabBarViewController.swift; sourceTree = "<group>"; };
		B698DDA3285881FB0009077E /* Base */ = {isa = PBXFileReference; lastKnownFileType = file.storyboard; name = Base; path = Base.lproj/Main.storyboard; sourceTree = "<group>"; };
		B698DDA5285881FD0009077E /* Assets.xcassets */ = {isa = PBXFileReference; lastKnownFileType = folder.assetcatalog; path = Assets.xcassets; sourceTree = "<group>"; };
		B698DDA8285881FD0009077E /* Base */ = {isa = PBXFileReference; lastKnownFileType = file.storyboard; name = Base; path = Base.lproj/LaunchScreen.storyboard; sourceTree = "<group>"; };
		B698DDAA285881FD0009077E /* Info.plist */ = {isa = PBXFileReference; lastKnownFileType = text.plist.xml; path = Info.plist; sourceTree = "<group>"; };
		B698DDB228588D280009077E /* GoogleService-Info.plist */ = {isa = PBXFileReference; fileEncoding = 4; lastKnownFileType = text.plist.xml; path = "GoogleService-Info.plist"; sourceTree = "<group>"; };
		B698DDB42858B8540009077E /* MapViewController.swift */ = {isa = PBXFileReference; lastKnownFileType = sourcecode.swift; path = MapViewController.swift; sourceTree = "<group>"; };
		B698DDB62858B8850009077E /* ExploreViewController.swift */ = {isa = PBXFileReference; lastKnownFileType = sourcecode.swift; path = ExploreViewController.swift; sourceTree = "<group>"; };
		B698DDB82858B8A90009077E /* PublishViewController.swift */ = {isa = PBXFileReference; lastKnownFileType = sourcecode.swift; path = PublishViewController.swift; sourceTree = "<group>"; };
		B698DDBA2858B8BA0009077E /* ChatViewController.swift */ = {isa = PBXFileReference; lastKnownFileType = sourcecode.swift; path = ChatViewController.swift; sourceTree = "<group>"; };
		B698DDBC2858B8CC0009077E /* ProfileViewController.swift */ = {isa = PBXFileReference; lastKnownFileType = sourcecode.swift; path = ProfileViewController.swift; sourceTree = "<group>"; };
		B698DDBF2858B99F0009077E /* UIImage+Extension.swift */ = {isa = PBXFileReference; lastKnownFileType = sourcecode.swift; path = "UIImage+Extension.swift"; sourceTree = "<group>"; };
		B698DDC12858CE9D0009077E /* UIView+Extension.swift */ = {isa = PBXFileReference; lastKnownFileType = sourcecode.swift; path = "UIView+Extension.swift"; sourceTree = "<group>"; };
		F3366849FA1579D202FA53C8 /* Pods_PawKing.framework */ = {isa = PBXFileReference; explicitFileType = wrapper.framework; includeInIndex = 0; path = Pods_PawKing.framework; sourceTree = BUILT_PRODUCTS_DIR; };
/* End PBXFileReference section */

/* Begin PBXFrameworksBuildPhase section */
		B698DD96285881FB0009077E /* Frameworks */ = {
			isa = PBXFrameworksBuildPhase;
			buildActionMask = 2147483647;
			files = (
				C616981117A2021ACBB94FA1 /* Pods_PawKing.framework in Frameworks */,
			);
			runOnlyForDeploymentPostprocessing = 0;
		};
/* End PBXFrameworksBuildPhase section */

/* Begin PBXGroup section */
		1051B71BA028B970CA658A05 /* Pods */ = {
			isa = PBXGroup;
			children = (
				3892957CF3DC689420745EBB /* Pods-PawKing.debug.xcconfig */,
				5AF034E01BB911618BEB17BE /* Pods-PawKing.release.xcconfig */,
			);
			path = Pods;
			sourceTree = "<group>";
		};
		8BF07AE984E2C3E9E88C098B /* Frameworks */ = {
			isa = PBXGroup;
			children = (
				F3366849FA1579D202FA53C8 /* Pods_PawKing.framework */,
			);
			name = Frameworks;
			sourceTree = "<group>";
		};
		B698DD90285881FB0009077E = {
			isa = PBXGroup;
			children = (
				B698DD9B285881FB0009077E /* PawKing */,
				B698DD9A285881FB0009077E /* Products */,
				1051B71BA028B970CA658A05 /* Pods */,
				8BF07AE984E2C3E9E88C098B /* Frameworks */,
			);
			sourceTree = "<group>";
		};
		B698DD9A285881FB0009077E /* Products */ = {
			isa = PBXGroup;
			children = (
				B698DD99285881FB0009077E /* PawKing.app */,
			);
			name = Products;
			sourceTree = "<group>";
		};
		B698DD9B285881FB0009077E /* PawKing */ = {
			isa = PBXGroup;
			children = (
				B698DD9C285881FB0009077E /* AppDelegate.swift */,
				B698DD9E285881FB0009077E /* SceneDelegate.swift */,
				B698DDBE2858B98A0009077E /* Extension */,
				B698DDA0285881FB0009077E /* TabBarViewController.swift */,
				B698DDB42858B8540009077E /* MapViewController.swift */,
				B698DDB62858B8850009077E /* ExploreViewController.swift */,
				B698DDB82858B8A90009077E /* PublishViewController.swift */,
				B698DDBA2858B8BA0009077E /* ChatViewController.swift */,
				B698DDBC2858B8CC0009077E /* ProfileViewController.swift */,
				B698DDA2285881FB0009077E /* Main.storyboard */,
				B698DDA5285881FD0009077E /* Assets.xcassets */,
				B698DDA7285881FD0009077E /* LaunchScreen.storyboard */,
				B698DDAA285881FD0009077E /* Info.plist */,
				B698DDB228588D280009077E /* GoogleService-Info.plist */,
			);
			path = PawKing;
			sourceTree = "<group>";
		};
		B698DDBE2858B98A0009077E /* Extension */ = {
			isa = PBXGroup;
			children = (
				B698DDBF2858B99F0009077E /* UIImage+Extension.swift */,
				B698DDC12858CE9D0009077E /* UIView+Extension.swift */,
			);
			path = Extension;
			sourceTree = "<group>";
		};
/* End PBXGroup section */

/* Begin PBXNativeTarget section */
		B698DD98285881FB0009077E /* PawKing */ = {
			isa = PBXNativeTarget;
			buildConfigurationList = B698DDAD285881FD0009077E /* Build configuration list for PBXNativeTarget "PawKing" */;
			buildPhases = (
				A5C3222AA92B63E382C65836 /* [CP] Check Pods Manifest.lock */,
				B698DD95285881FB0009077E /* Sources */,
				B698DD96285881FB0009077E /* Frameworks */,
				B698DD97285881FB0009077E /* Resources */,
				40CC832ED6627C2E4E5E7ED9 /* [CP] Embed Pods Frameworks */,
				B6ABE8DE285998C700B1A977 /* Run SwiftLint */,
			);
			buildRules = (
			);
			dependencies = (
			);
			name = PawKing;
			productName = PawKing;
			productReference = B698DD99285881FB0009077E /* PawKing.app */;
			productType = "com.apple.product-type.application";
		};
/* End PBXNativeTarget section */

/* Begin PBXProject section */
		B698DD91285881FB0009077E /* Project object */ = {
			isa = PBXProject;
			attributes = {
				BuildIndependentTargetsInParallel = 1;
				LastSwiftUpdateCheck = 1340;
				LastUpgradeCheck = 1340;
				TargetAttributes = {
					B698DD98285881FB0009077E = {
						CreatedOnToolsVersion = 13.4.1;
					};
				};
			};
			buildConfigurationList = B698DD94285881FB0009077E /* Build configuration list for PBXProject "PawKing" */;
			compatibilityVersion = "Xcode 13.0";
			developmentRegion = en;
			hasScannedForEncodings = 0;
			knownRegions = (
				en,
				Base,
			);
			mainGroup = B698DD90285881FB0009077E;
			productRefGroup = B698DD9A285881FB0009077E /* Products */;
			projectDirPath = "";
			projectRoot = "";
			targets = (
				B698DD98285881FB0009077E /* PawKing */,
			);
		};
/* End PBXProject section */

/* Begin PBXResourcesBuildPhase section */
		B698DD97285881FB0009077E /* Resources */ = {
			isa = PBXResourcesBuildPhase;
			buildActionMask = 2147483647;
			files = (
				B698DDA9285881FD0009077E /* LaunchScreen.storyboard in Resources */,
				B698DDB328588D280009077E /* GoogleService-Info.plist in Resources */,
				B698DDA6285881FD0009077E /* Assets.xcassets in Resources */,
				B698DDA4285881FB0009077E /* Main.storyboard in Resources */,
			);
			runOnlyForDeploymentPostprocessing = 0;
		};
/* End PBXResourcesBuildPhase section */

/* Begin PBXShellScriptBuildPhase section */
		40CC832ED6627C2E4E5E7ED9 /* [CP] Embed Pods Frameworks */ = {
			isa = PBXShellScriptBuildPhase;
			buildActionMask = 2147483647;
			files = (
			);
			inputFileListPaths = (
				"${PODS_ROOT}/Target Support Files/Pods-PawKing/Pods-PawKing-frameworks-${CONFIGURATION}-input-files.xcfilelist",
			);
			name = "[CP] Embed Pods Frameworks";
			outputFileListPaths = (
				"${PODS_ROOT}/Target Support Files/Pods-PawKing/Pods-PawKing-frameworks-${CONFIGURATION}-output-files.xcfilelist",
			);
			runOnlyForDeploymentPostprocessing = 0;
			shellPath = /bin/sh;
			shellScript = "\"${PODS_ROOT}/Target Support Files/Pods-PawKing/Pods-PawKing-frameworks.sh\"\n";
			showEnvVarsInLog = 0;
		};
		A5C3222AA92B63E382C65836 /* [CP] Check Pods Manifest.lock */ = {
			isa = PBXShellScriptBuildPhase;
			buildActionMask = 2147483647;
			files = (
			);
			inputFileListPaths = (
			);
			inputPaths = (
				"${PODS_PODFILE_DIR_PATH}/Podfile.lock",
				"${PODS_ROOT}/Manifest.lock",
			);
			name = "[CP] Check Pods Manifest.lock";
			outputFileListPaths = (
			);
			outputPaths = (
				"$(DERIVED_FILE_DIR)/Pods-PawKing-checkManifestLockResult.txt",
			);
			runOnlyForDeploymentPostprocessing = 0;
			shellPath = /bin/sh;
			shellScript = "diff \"${PODS_PODFILE_DIR_PATH}/Podfile.lock\" \"${PODS_ROOT}/Manifest.lock\" > /dev/null\nif [ $? != 0 ] ; then\n    # print error to STDERR\n    echo \"error: The sandbox is not in sync with the Podfile.lock. Run 'pod install' or update your CocoaPods installation.\" >&2\n    exit 1\nfi\n# This output is used by Xcode 'outputs' to avoid re-running this script phase.\necho \"SUCCESS\" > \"${SCRIPT_OUTPUT_FILE_0}\"\n";
			showEnvVarsInLog = 0;
		};
		B6ABE8DE285998C700B1A977 /* Run SwiftLint */ = {
			isa = PBXShellScriptBuildPhase;
			buildActionMask = 2147483647;
			files = (
			);
			inputFileListPaths = (
			);
			inputPaths = (
			);
			name = "Run SwiftLint";
			outputFileListPaths = (
			);
			outputPaths = (
			);
			runOnlyForDeploymentPostprocessing = 0;
			shellPath = /bin/sh;
			shellScript = "\"${PODS_ROOT}/SwiftLint/swiftlint\"\n\n";
		};
/* End PBXShellScriptBuildPhase section */

/* Begin PBXSourcesBuildPhase section */
		B698DD95285881FB0009077E /* Sources */ = {
			isa = PBXSourcesBuildPhase;
			buildActionMask = 2147483647;
			files = (
				B698DDA1285881FB0009077E /* TabBarViewController.swift in Sources */,
				B698DD9D285881FB0009077E /* AppDelegate.swift in Sources */,
				B698DDB92858B8A90009077E /* PublishViewController.swift in Sources */,
				B698DDC02858B99F0009077E /* UIImage+Extension.swift in Sources */,
				B698DDBB2858B8BA0009077E /* ChatViewController.swift in Sources */,
				B698DDB72858B8850009077E /* ExploreViewController.swift in Sources */,
				B698DD9F285881FB0009077E /* SceneDelegate.swift in Sources */,
				B698DDBD2858B8CC0009077E /* ProfileViewController.swift in Sources */,
				B698DDC22858CE9D0009077E /* UIView+Extension.swift in Sources */,
				B698DDB52858B8540009077E /* MapViewController.swift in Sources */,
			);
			runOnlyForDeploymentPostprocessing = 0;
		};
/* End PBXSourcesBuildPhase section */

/* Begin PBXVariantGroup section */
		B698DDA2285881FB0009077E /* Main.storyboard */ = {
			isa = PBXVariantGroup;
			children = (
				B698DDA3285881FB0009077E /* Base */,
			);
			name = Main.storyboard;
			sourceTree = "<group>";
		};
		B698DDA7285881FD0009077E /* LaunchScreen.storyboard */ = {
			isa = PBXVariantGroup;
			children = (
				B698DDA8285881FD0009077E /* Base */,
			);
			name = LaunchScreen.storyboard;
			sourceTree = "<group>";
		};
/* End PBXVariantGroup section */

/* Begin XCBuildConfiguration section */
		B698DDAB285881FD0009077E /* Debug */ = {
			isa = XCBuildConfiguration;
			buildSettings = {
				ALWAYS_SEARCH_USER_PATHS = NO;
				CLANG_ANALYZER_NONNULL = YES;
				CLANG_ANALYZER_NUMBER_OBJECT_CONVERSION = YES_AGGRESSIVE;
				CLANG_CXX_LANGUAGE_STANDARD = "gnu++17";
				CLANG_ENABLE_MODULES = YES;
				CLANG_ENABLE_OBJC_ARC = YES;
				CLANG_ENABLE_OBJC_WEAK = YES;
				CLANG_WARN_BLOCK_CAPTURE_AUTORELEASING = YES;
				CLANG_WARN_BOOL_CONVERSION = YES;
				CLANG_WARN_COMMA = YES;
				CLANG_WARN_CONSTANT_CONVERSION = YES;
				CLANG_WARN_DEPRECATED_OBJC_IMPLEMENTATIONS = YES;
				CLANG_WARN_DIRECT_OBJC_ISA_USAGE = YES_ERROR;
				CLANG_WARN_DOCUMENTATION_COMMENTS = YES;
				CLANG_WARN_EMPTY_BODY = YES;
				CLANG_WARN_ENUM_CONVERSION = YES;
				CLANG_WARN_INFINITE_RECURSION = YES;
				CLANG_WARN_INT_CONVERSION = YES;
				CLANG_WARN_NON_LITERAL_NULL_CONVERSION = YES;
				CLANG_WARN_OBJC_IMPLICIT_RETAIN_SELF = YES;
				CLANG_WARN_OBJC_LITERAL_CONVERSION = YES;
				CLANG_WARN_OBJC_ROOT_CLASS = YES_ERROR;
				CLANG_WARN_QUOTED_INCLUDE_IN_FRAMEWORK_HEADER = YES;
				CLANG_WARN_RANGE_LOOP_ANALYSIS = YES;
				CLANG_WARN_STRICT_PROTOTYPES = YES;
				CLANG_WARN_SUSPICIOUS_MOVE = YES;
				CLANG_WARN_UNGUARDED_AVAILABILITY = YES_AGGRESSIVE;
				CLANG_WARN_UNREACHABLE_CODE = YES;
				CLANG_WARN__DUPLICATE_METHOD_MATCH = YES;
				COPY_PHASE_STRIP = NO;
				DEBUG_INFORMATION_FORMAT = dwarf;
				ENABLE_STRICT_OBJC_MSGSEND = YES;
				ENABLE_TESTABILITY = YES;
				GCC_C_LANGUAGE_STANDARD = gnu11;
				GCC_DYNAMIC_NO_PIC = NO;
				GCC_NO_COMMON_BLOCKS = YES;
				GCC_OPTIMIZATION_LEVEL = 0;
				GCC_PREPROCESSOR_DEFINITIONS = (
					"DEBUG=1",
					"$(inherited)",
				);
				GCC_WARN_64_TO_32_BIT_CONVERSION = YES;
				GCC_WARN_ABOUT_RETURN_TYPE = YES_ERROR;
				GCC_WARN_UNDECLARED_SELECTOR = YES;
				GCC_WARN_UNINITIALIZED_AUTOS = YES_AGGRESSIVE;
				GCC_WARN_UNUSED_FUNCTION = YES;
				GCC_WARN_UNUSED_VARIABLE = YES;
				IPHONEOS_DEPLOYMENT_TARGET = 15.5;
				MTL_ENABLE_DEBUG_INFO = INCLUDE_SOURCE;
				MTL_FAST_MATH = YES;
				ONLY_ACTIVE_ARCH = YES;
				SDKROOT = iphoneos;
				SWIFT_ACTIVE_COMPILATION_CONDITIONS = DEBUG;
				SWIFT_OPTIMIZATION_LEVEL = "-Onone";
			};
			name = Debug;
		};
		B698DDAC285881FD0009077E /* Release */ = {
			isa = XCBuildConfiguration;
			buildSettings = {
				ALWAYS_SEARCH_USER_PATHS = NO;
				CLANG_ANALYZER_NONNULL = YES;
				CLANG_ANALYZER_NUMBER_OBJECT_CONVERSION = YES_AGGRESSIVE;
				CLANG_CXX_LANGUAGE_STANDARD = "gnu++17";
				CLANG_ENABLE_MODULES = YES;
				CLANG_ENABLE_OBJC_ARC = YES;
				CLANG_ENABLE_OBJC_WEAK = YES;
				CLANG_WARN_BLOCK_CAPTURE_AUTORELEASING = YES;
				CLANG_WARN_BOOL_CONVERSION = YES;
				CLANG_WARN_COMMA = YES;
				CLANG_WARN_CONSTANT_CONVERSION = YES;
				CLANG_WARN_DEPRECATED_OBJC_IMPLEMENTATIONS = YES;
				CLANG_WARN_DIRECT_OBJC_ISA_USAGE = YES_ERROR;
				CLANG_WARN_DOCUMENTATION_COMMENTS = YES;
				CLANG_WARN_EMPTY_BODY = YES;
				CLANG_WARN_ENUM_CONVERSION = YES;
				CLANG_WARN_INFINITE_RECURSION = YES;
				CLANG_WARN_INT_CONVERSION = YES;
				CLANG_WARN_NON_LITERAL_NULL_CONVERSION = YES;
				CLANG_WARN_OBJC_IMPLICIT_RETAIN_SELF = YES;
				CLANG_WARN_OBJC_LITERAL_CONVERSION = YES;
				CLANG_WARN_OBJC_ROOT_CLASS = YES_ERROR;
				CLANG_WARN_QUOTED_INCLUDE_IN_FRAMEWORK_HEADER = YES;
				CLANG_WARN_RANGE_LOOP_ANALYSIS = YES;
				CLANG_WARN_STRICT_PROTOTYPES = YES;
				CLANG_WARN_SUSPICIOUS_MOVE = YES;
				CLANG_WARN_UNGUARDED_AVAILABILITY = YES_AGGRESSIVE;
				CLANG_WARN_UNREACHABLE_CODE = YES;
				CLANG_WARN__DUPLICATE_METHOD_MATCH = YES;
				COPY_PHASE_STRIP = NO;
				DEBUG_INFORMATION_FORMAT = "dwarf-with-dsym";
				ENABLE_NS_ASSERTIONS = NO;
				ENABLE_STRICT_OBJC_MSGSEND = YES;
				GCC_C_LANGUAGE_STANDARD = gnu11;
				GCC_NO_COMMON_BLOCKS = YES;
				GCC_WARN_64_TO_32_BIT_CONVERSION = YES;
				GCC_WARN_ABOUT_RETURN_TYPE = YES_ERROR;
				GCC_WARN_UNDECLARED_SELECTOR = YES;
				GCC_WARN_UNINITIALIZED_AUTOS = YES_AGGRESSIVE;
				GCC_WARN_UNUSED_FUNCTION = YES;
				GCC_WARN_UNUSED_VARIABLE = YES;
				IPHONEOS_DEPLOYMENT_TARGET = 15.5;
				MTL_ENABLE_DEBUG_INFO = NO;
				MTL_FAST_MATH = YES;
				SDKROOT = iphoneos;
				SWIFT_COMPILATION_MODE = wholemodule;
				SWIFT_OPTIMIZATION_LEVEL = "-O";
				VALIDATE_PRODUCT = YES;
			};
			name = Release;
		};
		B698DDAE285881FD0009077E /* Debug */ = {
			isa = XCBuildConfiguration;
			baseConfigurationReference = 3892957CF3DC689420745EBB /* Pods-PawKing.debug.xcconfig */;
			buildSettings = {
				ASSETCATALOG_COMPILER_APPICON_NAME = AppIcon;
				ASSETCATALOG_COMPILER_GLOBAL_ACCENT_COLOR_NAME = AccentColor;
				CODE_SIGN_STYLE = Automatic;
				CURRENT_PROJECT_VERSION = 1;
				DEVELOPMENT_TEAM = RUXNPB6ZP3;
				GENERATE_INFOPLIST_FILE = YES;
				INFOPLIST_FILE = PawKing/Info.plist;
				INFOPLIST_KEY_NSLocationWhenInUseUsageDescription = "是否同意使用您的位置資訊";
				INFOPLIST_KEY_UIApplicationSupportsIndirectInputEvents = YES;
				INFOPLIST_KEY_UILaunchStoryboardName = LaunchScreen;
				INFOPLIST_KEY_UIMainStoryboardFile = Main;
				INFOPLIST_KEY_UISupportedInterfaceOrientations_iPad = "UIInterfaceOrientationPortrait UIInterfaceOrientationPortraitUpsideDown UIInterfaceOrientationLandscapeLeft UIInterfaceOrientationLandscapeRight";
				INFOPLIST_KEY_UISupportedInterfaceOrientations_iPhone = "UIInterfaceOrientationPortrait UIInterfaceOrientationLandscapeLeft UIInterfaceOrientationLandscapeRight";
				LD_RUNPATH_SEARCH_PATHS = (
					"$(inherited)",
					"@executable_path/Frameworks",
				);
				MARKETING_VERSION = 1.0;
				PRODUCT_BUNDLE_IDENTIFIER = com.domchang.PawKing;
				PRODUCT_NAME = "$(TARGET_NAME)";
				SWIFT_EMIT_LOC_STRINGS = YES;
				SWIFT_VERSION = 5.0;
				TARGETED_DEVICE_FAMILY = "1,2";
			};
			name = Debug;
		};
		B698DDAF285881FD0009077E /* Release */ = {
			isa = XCBuildConfiguration;
			baseConfigurationReference = 5AF034E01BB911618BEB17BE /* Pods-PawKing.release.xcconfig */;
			buildSettings = {
				ASSETCATALOG_COMPILER_APPICON_NAME = AppIcon;
				ASSETCATALOG_COMPILER_GLOBAL_ACCENT_COLOR_NAME = AccentColor;
				CODE_SIGN_STYLE = Automatic;
				CURRENT_PROJECT_VERSION = 1;
				DEVELOPMENT_TEAM = RUXNPB6ZP3;
				GENERATE_INFOPLIST_FILE = YES;
				INFOPLIST_FILE = PawKing/Info.plist;
				INFOPLIST_KEY_NSLocationWhenInUseUsageDescription = "是否同意使用您的位置資訊";
				INFOPLIST_KEY_UIApplicationSupportsIndirectInputEvents = YES;
				INFOPLIST_KEY_UILaunchStoryboardName = LaunchScreen;
				INFOPLIST_KEY_UIMainStoryboardFile = Main;
				INFOPLIST_KEY_UISupportedInterfaceOrientations_iPad = "UIInterfaceOrientationPortrait UIInterfaceOrientationPortraitUpsideDown UIInterfaceOrientationLandscapeLeft UIInterfaceOrientationLandscapeRight";
				INFOPLIST_KEY_UISupportedInterfaceOrientations_iPhone = "UIInterfaceOrientationPortrait UIInterfaceOrientationLandscapeLeft UIInterfaceOrientationLandscapeRight";
				LD_RUNPATH_SEARCH_PATHS = (
					"$(inherited)",
					"@executable_path/Frameworks",
				);
				MARKETING_VERSION = 1.0;
				PRODUCT_BUNDLE_IDENTIFIER = com.domchang.PawKing;
				PRODUCT_NAME = "$(TARGET_NAME)";
				SWIFT_EMIT_LOC_STRINGS = YES;
				SWIFT_VERSION = 5.0;
				TARGETED_DEVICE_FAMILY = "1,2";
			};
			name = Release;
		};
/* End XCBuildConfiguration section */

/* Begin XCConfigurationList section */
		B698DD94285881FB0009077E /* Build configuration list for PBXProject "PawKing" */ = {
			isa = XCConfigurationList;
			buildConfigurations = (
				B698DDAB285881FD0009077E /* Debug */,
				B698DDAC285881FD0009077E /* Release */,
			);
			defaultConfigurationIsVisible = 0;
			defaultConfigurationName = Release;
		};
		B698DDAD285881FD0009077E /* Build configuration list for PBXNativeTarget "PawKing" */ = {
			isa = XCConfigurationList;
			buildConfigurations = (
				B698DDAE285881FD0009077E /* Debug */,
				B698DDAF285881FD0009077E /* Release */,
			);
			defaultConfigurationIsVisible = 0;
			defaultConfigurationName = Release;
		};
/* End XCConfigurationList section */
	};
	rootObject = B698DD91285881FB0009077E /* Project object */;
}
