// !$*UTF8*$!
{
	archiveVersion = 1;
	classes = {
	};
	objectVersion = 55;
	objects = {

/* Begin PBXBuildFile section */
		B60008002876AB7B0087717F /* signIn.mp4 in Resources */ = {isa = PBXBuildFile; fileRef = B60007FF2876AB770087717F /* signIn.mp4 */; };
		B63484D3285D80C600DB7CE7 /* UserConfigViewController.swift in Sources */ = {isa = PBXBuildFile; fileRef = B63484D2285D80C600DB7CE7 /* UserConfigViewController.swift */; };
		B63484D6285D80F100DB7CE7 /* BaseConfigViewController.swift in Sources */ = {isa = PBXBuildFile; fileRef = B63484D5285D80F100DB7CE7 /* BaseConfigViewController.swift */; };
		B63484DB285D85E900DB7CE7 /* UserConfigCell.swift in Sources */ = {isa = PBXBuildFile; fileRef = B63484DA285D85E900DB7CE7 /* UserConfigCell.swift */; };
		B63484DF285DC62D00DB7CE7 /* PetConfigViewController.swift in Sources */ = {isa = PBXBuildFile; fileRef = B63484DE285DC62D00DB7CE7 /* PetConfigViewController.swift */; };
		B63484E1285DC70D00DB7CE7 /* PetConfigCell.swift in Sources */ = {isa = PBXBuildFile; fileRef = B63484E0285DC70D00DB7CE7 /* PetConfigCell.swift */; };
		B63484E3285DC8D000DB7CE7 /* PetManager.swift in Sources */ = {isa = PBXBuildFile; fileRef = B63484E2285DC8D000DB7CE7 /* PetManager.swift */; };
		B63484E5285E1E5300DB7CE7 /* ChoosePetViewController.swift in Sources */ = {isa = PBXBuildFile; fileRef = B63484E4285E1E5300DB7CE7 /* ChoosePetViewController.swift */; };
		B63484E7285E36F700DB7CE7 /* ChoosePetTableViewCell.swift in Sources */ = {isa = PBXBuildFile; fileRef = B63484E6285E36F700DB7CE7 /* ChoosePetTableViewCell.swift */; };
		B63484ED285EEE8800DB7CE7 /* PhotoItemCell.swift in Sources */ = {isa = PBXBuildFile; fileRef = B63484EC285EEE8800DB7CE7 /* PhotoItemCell.swift */; };
		B651EDCC286EA2F8003A5F2B /* InputTextField.swift in Sources */ = {isa = PBXBuildFile; fileRef = B651EDCB286EA2F8003A5F2B /* InputTextField.swift */; };
		B651EDCE286ED454003A5F2B /* RegisterViewController.swift in Sources */ = {isa = PBXBuildFile; fileRef = B651EDCD286ED454003A5F2B /* RegisterViewController.swift */; };
		B651EDD428717AAC003A5F2B /* EditUserCell.swift in Sources */ = {isa = PBXBuildFile; fileRef = B651EDD328717AAC003A5F2B /* EditUserCell.swift */; };
		B651EDD628718B8B003A5F2B /* EditPetCell.swift in Sources */ = {isa = PBXBuildFile; fileRef = B651EDD528718B8B003A5F2B /* EditPetCell.swift */; };
		B66A15B92864606700DF2663 /* ResultViewController.swift in Sources */ = {isa = PBXBuildFile; fileRef = B66A15B82864606700DF2663 /* ResultViewController.swift */; };
		B66A15BB28648B4900DF2663 /* UserListCell.swift in Sources */ = {isa = PBXBuildFile; fileRef = B66A15BA28648B4900DF2663 /* UserListCell.swift */; };
		B66A15C228658DF500DF2663 /* Message.swift in Sources */ = {isa = PBXBuildFile; fileRef = B66A15C128658DF500DF2663 /* Message.swift */; };
		B66A15C42865917300DF2663 /* ChatManager.swift in Sources */ = {isa = PBXBuildFile; fileRef = B66A15C32865917300DF2663 /* ChatManager.swift */; };
		B66A15C62865C7E500DF2663 /* ChatRoomCell.swift in Sources */ = {isa = PBXBuildFile; fileRef = B66A15C52865C7E500DF2663 /* ChatRoomCell.swift */; };
		B66A15C82865E82D00DF2663 /* MessageViewController.swift in Sources */ = {isa = PBXBuildFile; fileRef = B66A15C72865E82D00DF2663 /* MessageViewController.swift */; };
		B66A15CA2865EC4300DF2663 /* UserMessageCell.swift in Sources */ = {isa = PBXBuildFile; fileRef = B66A15C92865EC4300DF2663 /* UserMessageCell.swift */; };
		B66A15CC2865ECA300DF2663 /* OtherUserMessageCell.swift in Sources */ = {isa = PBXBuildFile; fileRef = B66A15CB2865ECA300DF2663 /* OtherUserMessageCell.swift */; };
		B66A15CE2866AE5400DF2663 /* UserPhotoWallViewController.swift in Sources */ = {isa = PBXBuildFile; fileRef = B66A15CD2866AE5400DF2663 /* UserPhotoWallViewController.swift */; };
		B66A15D32867421900DF2663 /* UIImageView+Extension.swift in Sources */ = {isa = PBXBuildFile; fileRef = B66A15D22867421800DF2663 /* UIImageView+Extension.swift */; };
		B66A15D52867500C00DF2663 /* UserAnnotationView.swift in Sources */ = {isa = PBXBuildFile; fileRef = B66A15D42867500C00DF2663 /* UserAnnotationView.swift */; };
		B67726E5288D3F6E0056DCBE /* LikeUserListViewController.swift in Sources */ = {isa = PBXBuildFile; fileRef = B67726E4288D3F6E0056DCBE /* LikeUserListViewController.swift */; };
		B67726E7288D447D0056DCBE /* FriendListViewController.swift in Sources */ = {isa = PBXBuildFile; fileRef = B67726E6288D447D0056DCBE /* FriendListViewController.swift */; };
		B67726ED288D6F7F0056DCBE /* UICollectionViewCompositionalLayout+Extension.swift in Sources */ = {isa = PBXBuildFile; fileRef = B67726EC288D6F7F0056DCBE /* UICollectionViewCompositionalLayout+Extension.swift */; };
		B67726F0288D77D60056DCBE /* ProfileInfoCell.swift in Sources */ = {isa = PBXBuildFile; fileRef = B67726EF288D77D60056DCBE /* ProfileInfoCell.swift */; };
		B68B9DB32886965A00156B4D /* StrangerViewController.swift in Sources */ = {isa = PBXBuildFile; fileRef = B68B9DB22886965A00156B4D /* StrangerViewController.swift */; };
		B68B9DB52886980B00156B4D /* UIViewController+Extension.swift in Sources */ = {isa = PBXBuildFile; fileRef = B68B9DB42886980B00156B4D /* UIViewController+Extension.swift */; };
		B68B9DB72886AC8700156B4D /* LocationHelper.swift in Sources */ = {isa = PBXBuildFile; fileRef = B68B9DB62886AC8700156B4D /* LocationHelper.swift */; };
		B68B9DB92886B0B300156B4D /* TimeInterval+Extension.swift in Sources */ = {isa = PBXBuildFile; fileRef = B68B9DB82886B0B300156B4D /* TimeInterval+Extension.swift */; };
		B68B9DBD2887A8AF00156B4D /* MapViewController.swift in Sources */ = {isa = PBXBuildFile; fileRef = B68B9DBC2887A8AF00156B4D /* MapViewController.swift */; };
		B698DD9D285881FB0009077E /* AppDelegate.swift in Sources */ = {isa = PBXBuildFile; fileRef = B698DD9C285881FB0009077E /* AppDelegate.swift */; };
		B698DD9F285881FB0009077E /* SceneDelegate.swift in Sources */ = {isa = PBXBuildFile; fileRef = B698DD9E285881FB0009077E /* SceneDelegate.swift */; };
		B698DDA1285881FB0009077E /* TabBarViewController.swift in Sources */ = {isa = PBXBuildFile; fileRef = B698DDA0285881FB0009077E /* TabBarViewController.swift */; };
		B698DDA4285881FB0009077E /* Main.storyboard in Resources */ = {isa = PBXBuildFile; fileRef = B698DDA2285881FB0009077E /* Main.storyboard */; };
		B698DDA6285881FD0009077E /* Assets.xcassets in Resources */ = {isa = PBXBuildFile; fileRef = B698DDA5285881FD0009077E /* Assets.xcassets */; };
		B698DDB328588D280009077E /* GoogleService-Info.plist in Resources */ = {isa = PBXBuildFile; fileRef = B698DDB228588D280009077E /* GoogleService-Info.plist */; };
		B698DDB52858B8540009077E /* HomeViewController.swift in Sources */ = {isa = PBXBuildFile; fileRef = B698DDB42858B8540009077E /* HomeViewController.swift */; };
		B698DDB72858B8850009077E /* ExploreViewController.swift in Sources */ = {isa = PBXBuildFile; fileRef = B698DDB62858B8850009077E /* ExploreViewController.swift */; };
		B698DDB92858B8A90009077E /* PublishViewController.swift in Sources */ = {isa = PBXBuildFile; fileRef = B698DDB82858B8A90009077E /* PublishViewController.swift */; };
		B698DDBB2858B8BA0009077E /* ChatRoomViewController.swift in Sources */ = {isa = PBXBuildFile; fileRef = B698DDBA2858B8BA0009077E /* ChatRoomViewController.swift */; };
		B698DDBD2858B8CC0009077E /* ProfileViewController.swift in Sources */ = {isa = PBXBuildFile; fileRef = B698DDBC2858B8CC0009077E /* ProfileViewController.swift */; };
		B698DDC02858B99F0009077E /* UIImage+Extension.swift in Sources */ = {isa = PBXBuildFile; fileRef = B698DDBF2858B99F0009077E /* UIImage+Extension.swift */; };
		B698DDC22858CE9D0009077E /* UIView+Extension.swift in Sources */ = {isa = PBXBuildFile; fileRef = B698DDC12858CE9D0009077E /* UIView+Extension.swift */; };
		B69C562C287A7C47004DD552 /* loading.json in Resources */ = {isa = PBXBuildFile; fileRef = B69C562B287A7C47004DD552 /* loading.json */; };
		B69C5630287C657B004DD552 /* LaunchScreen.storyboard in Resources */ = {isa = PBXBuildFile; fileRef = B69C562F287C657B004DD552 /* LaunchScreen.storyboard */; };
		B69C5632287CFE18004DD552 /* pawking_icon.png in Resources */ = {isa = PBXBuildFile; fileRef = B69C5631287CFE18004DD552 /* pawking_icon.png */; };
		B69C563628830DB6004DD552 /* UITabBar+Extension.swift in Sources */ = {isa = PBXBuildFile; fileRef = B69C563528830DB6004DD552 /* UITabBar+Extension.swift */; };
		B69C56392883A61B004DD552 /* UserListViewController.swift in Sources */ = {isa = PBXBuildFile; fileRef = B69C56382883A61B004DD552 /* UserListViewController.swift */; };
		B69C563F2883FBA1004DD552 /* like.json in Resources */ = {isa = PBXBuildFile; fileRef = B69C563E2883FBA1004DD552 /* like.json */; };
		B6A91D692868372B0049253A /* NoStrangerCell.swift in Sources */ = {isa = PBXBuildFile; fileRef = B6A91D682868372B0049253A /* NoStrangerCell.swift */; };
		B6A91D6B2868909F0049253A /* PetItemBackReusableView.swift in Sources */ = {isa = PBXBuildFile; fileRef = B6A91D6A2868909F0049253A /* PetItemBackReusableView.swift */; };
		B6A91D6D28697CCC0049253A /* ProfileInfoReusableView.swift in Sources */ = {isa = PBXBuildFile; fileRef = B6A91D6C28697CCC0049253A /* ProfileInfoReusableView.swift */; };
		B6A91D72286ACFDE0049253A /* Date+Extension.swift in Sources */ = {isa = PBXBuildFile; fileRef = B6A91D71286ACFDE0049253A /* Date+Extension.swift */; };
		B6A91D74286AE9070049253A /* InputTextView.swift in Sources */ = {isa = PBXBuildFile; fileRef = B6A91D73286AE9070049253A /* InputTextView.swift */; };
		B6A91D7A286BE5A60049253A /* SignInViewController.swift in Sources */ = {isa = PBXBuildFile; fileRef = B6A91D79286BE5A50049253A /* SignInViewController.swift */; };
		B6A91D7D286C827B0049253A /* Notification+Extension.swift in Sources */ = {isa = PBXBuildFile; fileRef = B6A91D7C286C827B0049253A /* Notification+Extension.swift */; };
		B6ABE8E0285A06E300B1A977 /* UIColor+Extension.swift in Sources */ = {isa = PBXBuildFile; fileRef = B6ABE8DF285A06E300B1A977 /* UIColor+Extension.swift */; };
		B6ABE8E2285A0B7400B1A977 /* MapManager.swift in Sources */ = {isa = PBXBuildFile; fileRef = B6ABE8E1285A0B7400B1A977 /* MapManager.swift */; };
		B6ABE8E7285A19C400B1A977 /* FirebaseError.swift in Sources */ = {isa = PBXBuildFile; fileRef = B6ABE8E6285A19C400B1A977 /* FirebaseError.swift */; };
		B6ABE8E9285AC08200B1A977 /* UserLocation.swift in Sources */ = {isa = PBXBuildFile; fileRef = B6ABE8E8285AC08200B1A977 /* UserLocation.swift */; };
		B6ABE8EB285AE41500B1A977 /* LocationRelated+Extension.swift in Sources */ = {isa = PBXBuildFile; fileRef = B6ABE8EA285AE41500B1A977 /* LocationRelated+Extension.swift */; };
		B6ABE8ED285AFC2B00B1A977 /* User.swift in Sources */ = {isa = PBXBuildFile; fileRef = B6ABE8EC285AFC2B00B1A977 /* User.swift */; };
		B6ABE8F4285B87AB00B1A977 /* UserAnnotation.swift in Sources */ = {isa = PBXBuildFile; fileRef = B6ABE8F3285B87AB00B1A977 /* UserAnnotation.swift */; };
		B6B0B606288D7D15005A141F /* OtherUserInfoCell.swift in Sources */ = {isa = PBXBuildFile; fileRef = B6B0B605288D7D15005A141F /* OtherUserInfoCell.swift */; };
		B6B0B6092890CB46005A141F /* UserProfileBaseViewController.swift in Sources */ = {isa = PBXBuildFile; fileRef = B6B0B6082890CB46005A141F /* UserProfileBaseViewController.swift */; };
		B6B0B60B2891232B005A141F /* AlertHelper.swift in Sources */ = {isa = PBXBuildFile; fileRef = B6B0B60A2891232B005A141F /* AlertHelper.swift */; };
		B6B0B60D2892B300005A141F /* TrackDashboardView.swift in Sources */ = {isa = PBXBuildFile; fileRef = B6B0B60C2892B300005A141F /* TrackDashboardView.swift */; };
		B6B0B61228940AED005A141F /* SignInView.swift in Sources */ = {isa = PBXBuildFile; fileRef = B6B0B61128940AED005A141F /* SignInView.swift */; };
		B6BF96142861EABC003627C1 /* TrackHistoryViewController.swift in Sources */ = {isa = PBXBuildFile; fileRef = B6BF96132861EABC003627C1 /* TrackHistoryViewController.swift */; };
		B6BF96182862A467003627C1 /* PhotoPostViewController.swift in Sources */ = {isa = PBXBuildFile; fileRef = B6BF96172862A467003627C1 /* PhotoPostViewController.swift */; };
		B6BF961A2862A9CF003627C1 /* PhotoPostCell.swift in Sources */ = {isa = PBXBuildFile; fileRef = B6BF96192862A9CF003627C1 /* PhotoPostCell.swift */; };
		B6BF961C28630C4E003627C1 /* CommentCell.swift in Sources */ = {isa = PBXBuildFile; fileRef = B6BF961B28630C4E003627C1 /* CommentCell.swift */; };
		B6D4F69E285C35F80045DDB2 /* UserManager.swift in Sources */ = {isa = PBXBuildFile; fileRef = B6D4F69D285C35F80045DDB2 /* UserManager.swift */; };
		B6D4F6A3285C526A0045DDB2 /* FirebaseCollection.swift in Sources */ = {isa = PBXBuildFile; fileRef = B6D4F6A2285C526A0045DDB2 /* FirebaseCollection.swift */; };
		B6D4F6A7285C5F9B0045DDB2 /* StrangerCardViewCell.swift in Sources */ = {isa = PBXBuildFile; fileRef = B6D4F6A6285C5F9B0045DDB2 /* StrangerCardViewCell.swift */; };
		B6D4F6A9285C62F10045DDB2 /* Pet.swift in Sources */ = {isa = PBXBuildFile; fileRef = B6D4F6A8285C62F10045DDB2 /* Pet.swift */; };
		B6D4F6AB285CDB150045DDB2 /* PKPhotoHelper.swift in Sources */ = {isa = PBXBuildFile; fileRef = B6D4F6AA285CDB150045DDB2 /* PKPhotoHelper.swift */; };
		B6DD66D52872EAE700523197 /* ContentButtonReusableView.swift in Sources */ = {isa = PBXBuildFile; fileRef = B6DD66D42872EAE700523197 /* ContentButtonReusableView.swift */; };
		B6DD66D72874329700523197 /* OtherUserPetReusableView.swift in Sources */ = {isa = PBXBuildFile; fileRef = B6DD66D62874329700523197 /* OtherUserPetReusableView.swift */; };
		B6DD66DA28752DAB00523197 /* LottieWrapper.swift in Sources */ = {isa = PBXBuildFile; fileRef = B6DD66D928752DAB00523197 /* LottieWrapper.swift */; };
		B6DD66E32875538B00523197 /* error.json in Resources */ = {isa = PBXBuildFile; fileRef = B6DD66E22875538B00523197 /* error.json */; };
		B6DD66E5287578D700523197 /* SettingViewController.swift in Sources */ = {isa = PBXBuildFile; fileRef = B6DD66E4287578D700523197 /* SettingViewController.swift */; };
		B6DD66E7287579F800523197 /* SettingCell.swift in Sources */ = {isa = PBXBuildFile; fileRef = B6DD66E6287579F800523197 /* SettingCell.swift */; };
		B6DD66E928757A5B00523197 /* Setting.swift in Sources */ = {isa = PBXBuildFile; fileRef = B6DD66E828757A5B00523197 /* Setting.swift */; };
		B6DD66EB2875AD7A00523197 /* BlockListViewController.swift in Sources */ = {isa = PBXBuildFile; fileRef = B6DD66EA2875AD7A00523197 /* BlockListViewController.swift */; };
		B6DD66ED2876803A00523197 /* PrivacyViewController.swift in Sources */ = {isa = PBXBuildFile; fileRef = B6DD66EC2876803A00523197 /* PrivacyViewController.swift */; };
		B6DD66F02876875400523197 /* EULAViewController.swift in Sources */ = {isa = PBXBuildFile; fileRef = B6DD66EF2876875400523197 /* EULAViewController.swift */; };
		B6E157342876C5EF00D05796 /* signUp.mp4 in Resources */ = {isa = PBXBuildFile; fileRef = B6E157332876C5E600D05796 /* signUp.mp4 */; };
		B6E1573628772AC000D05796 /* TrackAnnotation.swift in Sources */ = {isa = PBXBuildFile; fileRef = B6E1573528772AC000D05796 /* TrackAnnotation.swift */; };
		B6E157382877310700D05796 /* TrackAnnotationView.swift in Sources */ = {isa = PBXBuildFile; fileRef = B6E157372877310700D05796 /* TrackAnnotationView.swift */; };
		B6E86AA0285F016A002B8C9A /* Profile.swift in Sources */ = {isa = PBXBuildFile; fileRef = B6E86A9F285F016A002B8C9A /* Profile.swift */; };
		B6E86AA2285F0AEE002B8C9A /* UserInfoCell.swift in Sources */ = {isa = PBXBuildFile; fileRef = B6E86AA1285F0AEE002B8C9A /* UserInfoCell.swift */; };
		B6E86AA4285F0B6B002B8C9A /* ContentButtonCell.swift in Sources */ = {isa = PBXBuildFile; fileRef = B6E86AA3285F0B6B002B8C9A /* ContentButtonCell.swift */; };
		B6E86AA6285F0B85002B8C9A /* TrackHostoryCell.swift in Sources */ = {isa = PBXBuildFile; fileRef = B6E86AA5285F0B85002B8C9A /* TrackHostoryCell.swift */; };
		B6E86AA8285F1EB4002B8C9A /* Post.swift in Sources */ = {isa = PBXBuildFile; fileRef = B6E86AA7285F1EB4002B8C9A /* Post.swift */; };
		B6E86AAA285F7DAA002B8C9A /* PetItemCell.swift in Sources */ = {isa = PBXBuildFile; fileRef = B6E86AA9285F7DAA002B8C9A /* PetItemCell.swift */; };
		B6E86AAC2860309F002B8C9A /* EditProfileViewController.swift in Sources */ = {isa = PBXBuildFile; fileRef = B6E86AAB2860309F002B8C9A /* EditProfileViewController.swift */; };
		B6E86AB228609CB7002B8C9A /* PostManager.swift in Sources */ = {isa = PBXBuildFile; fileRef = B6E86AB128609CB7002B8C9A /* PostManager.swift */; };
		B6E94318286DC83100B3157F /* FriendRequestViewController.swift in Sources */ = {isa = PBXBuildFile; fileRef = B6E94317286DC83100B3157F /* FriendRequestViewController.swift */; };
		B6E9431A286DCA1700B3157F /* FriendRequestCell.swift in Sources */ = {isa = PBXBuildFile; fileRef = B6E94319286DCA1700B3157F /* FriendRequestCell.swift */; };
		C616981117A2021ACBB94FA1 /* Pods_PawKing.framework in Frameworks */ = {isa = PBXBuildFile; fileRef = F3366849FA1579D202FA53C8 /* Pods_PawKing.framework */; };
/* End PBXBuildFile section */

/* Begin PBXFileReference section */
		3892957CF3DC689420745EBB /* Pods-PawKing.debug.xcconfig */ = {isa = PBXFileReference; includeInIndex = 1; lastKnownFileType = text.xcconfig; name = "Pods-PawKing.debug.xcconfig"; path = "Target Support Files/Pods-PawKing/Pods-PawKing.debug.xcconfig"; sourceTree = "<group>"; };
		5AF034E01BB911618BEB17BE /* Pods-PawKing.release.xcconfig */ = {isa = PBXFileReference; includeInIndex = 1; lastKnownFileType = text.xcconfig; name = "Pods-PawKing.release.xcconfig"; path = "Target Support Files/Pods-PawKing/Pods-PawKing.release.xcconfig"; sourceTree = "<group>"; };
		B60007FF2876AB770087717F /* signIn.mp4 */ = {isa = PBXFileReference; lastKnownFileType = file; path = signIn.mp4; sourceTree = "<group>"; };
		B63484D2285D80C600DB7CE7 /* UserConfigViewController.swift */ = {isa = PBXFileReference; lastKnownFileType = sourcecode.swift; path = UserConfigViewController.swift; sourceTree = "<group>"; };
		B63484D5285D80F100DB7CE7 /* BaseConfigViewController.swift */ = {isa = PBXFileReference; lastKnownFileType = sourcecode.swift; path = BaseConfigViewController.swift; sourceTree = "<group>"; };
		B63484DA285D85E900DB7CE7 /* UserConfigCell.swift */ = {isa = PBXFileReference; lastKnownFileType = sourcecode.swift; path = UserConfigCell.swift; sourceTree = "<group>"; };
		B63484DE285DC62D00DB7CE7 /* PetConfigViewController.swift */ = {isa = PBXFileReference; lastKnownFileType = sourcecode.swift; path = PetConfigViewController.swift; sourceTree = "<group>"; };
		B63484E0285DC70D00DB7CE7 /* PetConfigCell.swift */ = {isa = PBXFileReference; lastKnownFileType = sourcecode.swift; path = PetConfigCell.swift; sourceTree = "<group>"; };
		B63484E2285DC8D000DB7CE7 /* PetManager.swift */ = {isa = PBXFileReference; lastKnownFileType = sourcecode.swift; path = PetManager.swift; sourceTree = "<group>"; };
		B63484E4285E1E5300DB7CE7 /* ChoosePetViewController.swift */ = {isa = PBXFileReference; lastKnownFileType = sourcecode.swift; path = ChoosePetViewController.swift; sourceTree = "<group>"; };
		B63484E6285E36F700DB7CE7 /* ChoosePetTableViewCell.swift */ = {isa = PBXFileReference; lastKnownFileType = sourcecode.swift; path = ChoosePetTableViewCell.swift; sourceTree = "<group>"; };
		B63484EC285EEE8800DB7CE7 /* PhotoItemCell.swift */ = {isa = PBXFileReference; lastKnownFileType = sourcecode.swift; path = PhotoItemCell.swift; sourceTree = "<group>"; };
		B651EDCB286EA2F8003A5F2B /* InputTextField.swift */ = {isa = PBXFileReference; lastKnownFileType = sourcecode.swift; path = InputTextField.swift; sourceTree = "<group>"; };
		B651EDCD286ED454003A5F2B /* RegisterViewController.swift */ = {isa = PBXFileReference; lastKnownFileType = sourcecode.swift; path = RegisterViewController.swift; sourceTree = "<group>"; };
		B651EDD328717AAC003A5F2B /* EditUserCell.swift */ = {isa = PBXFileReference; lastKnownFileType = sourcecode.swift; path = EditUserCell.swift; sourceTree = "<group>"; };
		B651EDD528718B8B003A5F2B /* EditPetCell.swift */ = {isa = PBXFileReference; lastKnownFileType = sourcecode.swift; path = EditPetCell.swift; sourceTree = "<group>"; };
		B66A15B82864606700DF2663 /* ResultViewController.swift */ = {isa = PBXFileReference; lastKnownFileType = sourcecode.swift; path = ResultViewController.swift; sourceTree = "<group>"; };
		B66A15BA28648B4900DF2663 /* UserListCell.swift */ = {isa = PBXFileReference; lastKnownFileType = sourcecode.swift; path = UserListCell.swift; sourceTree = "<group>"; };
		B66A15C128658DF500DF2663 /* Message.swift */ = {isa = PBXFileReference; lastKnownFileType = sourcecode.swift; path = Message.swift; sourceTree = "<group>"; };
		B66A15C32865917300DF2663 /* ChatManager.swift */ = {isa = PBXFileReference; lastKnownFileType = sourcecode.swift; path = ChatManager.swift; sourceTree = "<group>"; };
		B66A15C52865C7E500DF2663 /* ChatRoomCell.swift */ = {isa = PBXFileReference; lastKnownFileType = sourcecode.swift; path = ChatRoomCell.swift; sourceTree = "<group>"; };
		B66A15C72865E82D00DF2663 /* MessageViewController.swift */ = {isa = PBXFileReference; lastKnownFileType = sourcecode.swift; path = MessageViewController.swift; sourceTree = "<group>"; };
		B66A15C92865EC4300DF2663 /* UserMessageCell.swift */ = {isa = PBXFileReference; lastKnownFileType = sourcecode.swift; path = UserMessageCell.swift; sourceTree = "<group>"; };
		B66A15CB2865ECA300DF2663 /* OtherUserMessageCell.swift */ = {isa = PBXFileReference; lastKnownFileType = sourcecode.swift; path = OtherUserMessageCell.swift; sourceTree = "<group>"; };
		B66A15CD2866AE5400DF2663 /* UserPhotoWallViewController.swift */ = {isa = PBXFileReference; lastKnownFileType = sourcecode.swift; path = UserPhotoWallViewController.swift; sourceTree = "<group>"; };
		B66A15D22867421800DF2663 /* UIImageView+Extension.swift */ = {isa = PBXFileReference; lastKnownFileType = sourcecode.swift; path = "UIImageView+Extension.swift"; sourceTree = "<group>"; };
		B66A15D42867500C00DF2663 /* UserAnnotationView.swift */ = {isa = PBXFileReference; lastKnownFileType = sourcecode.swift; path = UserAnnotationView.swift; sourceTree = "<group>"; };
		B67726E4288D3F6E0056DCBE /* LikeUserListViewController.swift */ = {isa = PBXFileReference; lastKnownFileType = sourcecode.swift; path = LikeUserListViewController.swift; sourceTree = "<group>"; };
		B67726E6288D447D0056DCBE /* FriendListViewController.swift */ = {isa = PBXFileReference; lastKnownFileType = sourcecode.swift; path = FriendListViewController.swift; sourceTree = "<group>"; };
		B67726EC288D6F7F0056DCBE /* UICollectionViewCompositionalLayout+Extension.swift */ = {isa = PBXFileReference; lastKnownFileType = sourcecode.swift; path = "UICollectionViewCompositionalLayout+Extension.swift"; sourceTree = "<group>"; };
		B67726EF288D77D60056DCBE /* ProfileInfoCell.swift */ = {isa = PBXFileReference; lastKnownFileType = sourcecode.swift; path = ProfileInfoCell.swift; sourceTree = "<group>"; };
		B68B9DB22886965A00156B4D /* StrangerViewController.swift */ = {isa = PBXFileReference; lastKnownFileType = sourcecode.swift; path = StrangerViewController.swift; sourceTree = "<group>"; };
		B68B9DB42886980B00156B4D /* UIViewController+Extension.swift */ = {isa = PBXFileReference; lastKnownFileType = sourcecode.swift; path = "UIViewController+Extension.swift"; sourceTree = "<group>"; };
		B68B9DB62886AC8700156B4D /* LocationHelper.swift */ = {isa = PBXFileReference; lastKnownFileType = sourcecode.swift; path = LocationHelper.swift; sourceTree = "<group>"; };
		B68B9DB82886B0B300156B4D /* TimeInterval+Extension.swift */ = {isa = PBXFileReference; lastKnownFileType = sourcecode.swift; path = "TimeInterval+Extension.swift"; sourceTree = "<group>"; };
		B68B9DBC2887A8AF00156B4D /* MapViewController.swift */ = {isa = PBXFileReference; lastKnownFileType = sourcecode.swift; path = MapViewController.swift; sourceTree = "<group>"; };
		B698DD99285881FB0009077E /* PawKing.app */ = {isa = PBXFileReference; explicitFileType = wrapper.application; includeInIndex = 0; path = PawKing.app; sourceTree = BUILT_PRODUCTS_DIR; };
		B698DD9C285881FB0009077E /* AppDelegate.swift */ = {isa = PBXFileReference; lastKnownFileType = sourcecode.swift; path = AppDelegate.swift; sourceTree = "<group>"; };
		B698DD9E285881FB0009077E /* SceneDelegate.swift */ = {isa = PBXFileReference; lastKnownFileType = sourcecode.swift; path = SceneDelegate.swift; sourceTree = "<group>"; };
		B698DDA0285881FB0009077E /* TabBarViewController.swift */ = {isa = PBXFileReference; lastKnownFileType = sourcecode.swift; path = TabBarViewController.swift; sourceTree = "<group>"; };
		B698DDA3285881FB0009077E /* Base */ = {isa = PBXFileReference; lastKnownFileType = file.storyboard; name = Base; path = Base.lproj/Main.storyboard; sourceTree = "<group>"; };
		B698DDA5285881FD0009077E /* Assets.xcassets */ = {isa = PBXFileReference; lastKnownFileType = folder.assetcatalog; path = Assets.xcassets; sourceTree = "<group>"; };
		B698DDAA285881FD0009077E /* Info.plist */ = {isa = PBXFileReference; lastKnownFileType = text.plist.xml; path = Info.plist; sourceTree = "<group>"; };
		B698DDB228588D280009077E /* GoogleService-Info.plist */ = {isa = PBXFileReference; fileEncoding = 4; lastKnownFileType = text.plist.xml; path = "GoogleService-Info.plist"; sourceTree = "<group>"; };
		B698DDB42858B8540009077E /* HomeViewController.swift */ = {isa = PBXFileReference; lastKnownFileType = sourcecode.swift; path = HomeViewController.swift; sourceTree = "<group>"; };
		B698DDB62858B8850009077E /* ExploreViewController.swift */ = {isa = PBXFileReference; lastKnownFileType = sourcecode.swift; path = ExploreViewController.swift; sourceTree = "<group>"; };
		B698DDB82858B8A90009077E /* PublishViewController.swift */ = {isa = PBXFileReference; lastKnownFileType = sourcecode.swift; path = PublishViewController.swift; sourceTree = "<group>"; };
		B698DDBA2858B8BA0009077E /* ChatRoomViewController.swift */ = {isa = PBXFileReference; lastKnownFileType = sourcecode.swift; path = ChatRoomViewController.swift; sourceTree = "<group>"; };
		B698DDBC2858B8CC0009077E /* ProfileViewController.swift */ = {isa = PBXFileReference; lastKnownFileType = sourcecode.swift; path = ProfileViewController.swift; sourceTree = "<group>"; };
		B698DDBF2858B99F0009077E /* UIImage+Extension.swift */ = {isa = PBXFileReference; lastKnownFileType = sourcecode.swift; path = "UIImage+Extension.swift"; sourceTree = "<group>"; };
		B698DDC12858CE9D0009077E /* UIView+Extension.swift */ = {isa = PBXFileReference; lastKnownFileType = sourcecode.swift; path = "UIView+Extension.swift"; sourceTree = "<group>"; };
		B69C562B287A7C47004DD552 /* loading.json */ = {isa = PBXFileReference; fileEncoding = 4; lastKnownFileType = text.json; path = loading.json; sourceTree = "<group>"; };
		B69C562F287C657B004DD552 /* LaunchScreen.storyboard */ = {isa = PBXFileReference; lastKnownFileType = file.storyboard; path = LaunchScreen.storyboard; sourceTree = "<group>"; };
		B69C5631287CFE18004DD552 /* pawking_icon.png */ = {isa = PBXFileReference; lastKnownFileType = image.png; path = pawking_icon.png; sourceTree = "<group>"; };
		B69C563528830DB6004DD552 /* UITabBar+Extension.swift */ = {isa = PBXFileReference; lastKnownFileType = sourcecode.swift; path = "UITabBar+Extension.swift"; sourceTree = "<group>"; };
		B69C56382883A61B004DD552 /* UserListViewController.swift */ = {isa = PBXFileReference; lastKnownFileType = sourcecode.swift; path = UserListViewController.swift; sourceTree = "<group>"; };
		B69C563E2883FBA1004DD552 /* like.json */ = {isa = PBXFileReference; fileEncoding = 4; lastKnownFileType = text.json; path = like.json; sourceTree = "<group>"; };
		B6A91D682868372B0049253A /* NoStrangerCell.swift */ = {isa = PBXFileReference; lastKnownFileType = sourcecode.swift; path = NoStrangerCell.swift; sourceTree = "<group>"; };
		B6A91D6A2868909F0049253A /* PetItemBackReusableView.swift */ = {isa = PBXFileReference; lastKnownFileType = sourcecode.swift; path = PetItemBackReusableView.swift; sourceTree = "<group>"; };
		B6A91D6C28697CCC0049253A /* ProfileInfoReusableView.swift */ = {isa = PBXFileReference; lastKnownFileType = sourcecode.swift; path = ProfileInfoReusableView.swift; sourceTree = "<group>"; };
		B6A91D71286ACFDE0049253A /* Date+Extension.swift */ = {isa = PBXFileReference; lastKnownFileType = sourcecode.swift; path = "Date+Extension.swift"; sourceTree = "<group>"; };
		B6A91D73286AE9070049253A /* InputTextView.swift */ = {isa = PBXFileReference; lastKnownFileType = sourcecode.swift; path = InputTextView.swift; sourceTree = "<group>"; };
		B6A91D79286BE5A50049253A /* SignInViewController.swift */ = {isa = PBXFileReference; lastKnownFileType = sourcecode.swift; path = SignInViewController.swift; sourceTree = "<group>"; };
		B6A91D7B286BF3A30049253A /* PawKing.entitlements */ = {isa = PBXFileReference; lastKnownFileType = text.plist.entitlements; path = PawKing.entitlements; sourceTree = "<group>"; };
		B6A91D7C286C827B0049253A /* Notification+Extension.swift */ = {isa = PBXFileReference; lastKnownFileType = sourcecode.swift; path = "Notification+Extension.swift"; sourceTree = "<group>"; };
		B6ABE8DF285A06E300B1A977 /* UIColor+Extension.swift */ = {isa = PBXFileReference; fileEncoding = 4; lastKnownFileType = sourcecode.swift; path = "UIColor+Extension.swift"; sourceTree = "<group>"; };
		B6ABE8E1285A0B7400B1A977 /* MapManager.swift */ = {isa = PBXFileReference; lastKnownFileType = sourcecode.swift; path = MapManager.swift; sourceTree = "<group>"; };
		B6ABE8E6285A19C400B1A977 /* FirebaseError.swift */ = {isa = PBXFileReference; lastKnownFileType = sourcecode.swift; path = FirebaseError.swift; sourceTree = "<group>"; };
		B6ABE8E8285AC08200B1A977 /* UserLocation.swift */ = {isa = PBXFileReference; lastKnownFileType = sourcecode.swift; path = UserLocation.swift; sourceTree = "<group>"; };
		B6ABE8EA285AE41500B1A977 /* LocationRelated+Extension.swift */ = {isa = PBXFileReference; lastKnownFileType = sourcecode.swift; path = "LocationRelated+Extension.swift"; sourceTree = "<group>"; };
		B6ABE8EC285AFC2B00B1A977 /* User.swift */ = {isa = PBXFileReference; lastKnownFileType = sourcecode.swift; path = User.swift; sourceTree = "<group>"; };
		B6ABE8F3285B87AB00B1A977 /* UserAnnotation.swift */ = {isa = PBXFileReference; lastKnownFileType = sourcecode.swift; path = UserAnnotation.swift; sourceTree = "<group>"; };
		B6B0B605288D7D15005A141F /* OtherUserInfoCell.swift */ = {isa = PBXFileReference; lastKnownFileType = sourcecode.swift; path = OtherUserInfoCell.swift; sourceTree = "<group>"; };
		B6B0B6082890CB46005A141F /* UserProfileBaseViewController.swift */ = {isa = PBXFileReference; lastKnownFileType = sourcecode.swift; path = UserProfileBaseViewController.swift; sourceTree = "<group>"; };
		B6B0B60A2891232B005A141F /* AlertHelper.swift */ = {isa = PBXFileReference; lastKnownFileType = sourcecode.swift; path = AlertHelper.swift; sourceTree = "<group>"; };
		B6B0B60C2892B300005A141F /* TrackDashboardView.swift */ = {isa = PBXFileReference; lastKnownFileType = sourcecode.swift; path = TrackDashboardView.swift; sourceTree = "<group>"; };
		B6B0B61128940AED005A141F /* SignInView.swift */ = {isa = PBXFileReference; lastKnownFileType = sourcecode.swift; path = SignInView.swift; sourceTree = "<group>"; };
		B6BF96132861EABC003627C1 /* TrackHistoryViewController.swift */ = {isa = PBXFileReference; lastKnownFileType = sourcecode.swift; path = TrackHistoryViewController.swift; sourceTree = "<group>"; };
		B6BF96172862A467003627C1 /* PhotoPostViewController.swift */ = {isa = PBXFileReference; lastKnownFileType = sourcecode.swift; path = PhotoPostViewController.swift; sourceTree = "<group>"; };
		B6BF96192862A9CF003627C1 /* PhotoPostCell.swift */ = {isa = PBXFileReference; lastKnownFileType = sourcecode.swift; path = PhotoPostCell.swift; sourceTree = "<group>"; };
		B6BF961B28630C4E003627C1 /* CommentCell.swift */ = {isa = PBXFileReference; lastKnownFileType = sourcecode.swift; path = CommentCell.swift; sourceTree = "<group>"; };
		B6D4F69D285C35F80045DDB2 /* UserManager.swift */ = {isa = PBXFileReference; lastKnownFileType = sourcecode.swift; path = UserManager.swift; sourceTree = "<group>"; };
		B6D4F6A2285C526A0045DDB2 /* FirebaseCollection.swift */ = {isa = PBXFileReference; lastKnownFileType = sourcecode.swift; path = FirebaseCollection.swift; sourceTree = "<group>"; };
		B6D4F6A6285C5F9B0045DDB2 /* StrangerCardViewCell.swift */ = {isa = PBXFileReference; lastKnownFileType = sourcecode.swift; path = StrangerCardViewCell.swift; sourceTree = "<group>"; };
		B6D4F6A8285C62F10045DDB2 /* Pet.swift */ = {isa = PBXFileReference; lastKnownFileType = sourcecode.swift; path = Pet.swift; sourceTree = "<group>"; };
		B6D4F6AA285CDB150045DDB2 /* PKPhotoHelper.swift */ = {isa = PBXFileReference; lastKnownFileType = sourcecode.swift; path = PKPhotoHelper.swift; sourceTree = "<group>"; };
		B6DD66D42872EAE700523197 /* ContentButtonReusableView.swift */ = {isa = PBXFileReference; lastKnownFileType = sourcecode.swift; path = ContentButtonReusableView.swift; sourceTree = "<group>"; };
		B6DD66D62874329700523197 /* OtherUserPetReusableView.swift */ = {isa = PBXFileReference; lastKnownFileType = sourcecode.swift; path = OtherUserPetReusableView.swift; sourceTree = "<group>"; };
		B6DD66D928752DAB00523197 /* LottieWrapper.swift */ = {isa = PBXFileReference; lastKnownFileType = sourcecode.swift; path = LottieWrapper.swift; sourceTree = "<group>"; };
		B6DD66E22875538B00523197 /* error.json */ = {isa = PBXFileReference; fileEncoding = 4; lastKnownFileType = text.json; path = error.json; sourceTree = "<group>"; };
		B6DD66E4287578D700523197 /* SettingViewController.swift */ = {isa = PBXFileReference; lastKnownFileType = sourcecode.swift; path = SettingViewController.swift; sourceTree = "<group>"; };
		B6DD66E6287579F800523197 /* SettingCell.swift */ = {isa = PBXFileReference; lastKnownFileType = sourcecode.swift; path = SettingCell.swift; sourceTree = "<group>"; };
		B6DD66E828757A5B00523197 /* Setting.swift */ = {isa = PBXFileReference; lastKnownFileType = sourcecode.swift; path = Setting.swift; sourceTree = "<group>"; };
		B6DD66EA2875AD7A00523197 /* BlockListViewController.swift */ = {isa = PBXFileReference; lastKnownFileType = sourcecode.swift; path = BlockListViewController.swift; sourceTree = "<group>"; };
		B6DD66EC2876803A00523197 /* PrivacyViewController.swift */ = {isa = PBXFileReference; lastKnownFileType = sourcecode.swift; path = PrivacyViewController.swift; sourceTree = "<group>"; };
		B6DD66EF2876875400523197 /* EULAViewController.swift */ = {isa = PBXFileReference; lastKnownFileType = sourcecode.swift; path = EULAViewController.swift; sourceTree = "<group>"; };
		B6E157332876C5E600D05796 /* signUp.mp4 */ = {isa = PBXFileReference; lastKnownFileType = file; path = signUp.mp4; sourceTree = "<group>"; };
		B6E1573528772AC000D05796 /* TrackAnnotation.swift */ = {isa = PBXFileReference; lastKnownFileType = sourcecode.swift; path = TrackAnnotation.swift; sourceTree = "<group>"; };
		B6E157372877310700D05796 /* TrackAnnotationView.swift */ = {isa = PBXFileReference; lastKnownFileType = sourcecode.swift; path = TrackAnnotationView.swift; sourceTree = "<group>"; };
		B6E86A9F285F016A002B8C9A /* Profile.swift */ = {isa = PBXFileReference; lastKnownFileType = sourcecode.swift; path = Profile.swift; sourceTree = "<group>"; };
		B6E86AA1285F0AEE002B8C9A /* UserInfoCell.swift */ = {isa = PBXFileReference; lastKnownFileType = sourcecode.swift; path = UserInfoCell.swift; sourceTree = "<group>"; };
		B6E86AA3285F0B6B002B8C9A /* ContentButtonCell.swift */ = {isa = PBXFileReference; lastKnownFileType = sourcecode.swift; path = ContentButtonCell.swift; sourceTree = "<group>"; };
		B6E86AA5285F0B85002B8C9A /* TrackHostoryCell.swift */ = {isa = PBXFileReference; lastKnownFileType = sourcecode.swift; path = TrackHostoryCell.swift; sourceTree = "<group>"; };
		B6E86AA7285F1EB4002B8C9A /* Post.swift */ = {isa = PBXFileReference; lastKnownFileType = sourcecode.swift; path = Post.swift; sourceTree = "<group>"; };
		B6E86AA9285F7DAA002B8C9A /* PetItemCell.swift */ = {isa = PBXFileReference; lastKnownFileType = sourcecode.swift; path = PetItemCell.swift; sourceTree = "<group>"; };
		B6E86AAB2860309F002B8C9A /* EditProfileViewController.swift */ = {isa = PBXFileReference; lastKnownFileType = sourcecode.swift; path = EditProfileViewController.swift; sourceTree = "<group>"; };
		B6E86AB128609CB7002B8C9A /* PostManager.swift */ = {isa = PBXFileReference; lastKnownFileType = sourcecode.swift; path = PostManager.swift; sourceTree = "<group>"; };
		B6E94317286DC83100B3157F /* FriendRequestViewController.swift */ = {isa = PBXFileReference; lastKnownFileType = sourcecode.swift; path = FriendRequestViewController.swift; sourceTree = "<group>"; };
		B6E94319286DCA1700B3157F /* FriendRequestCell.swift */ = {isa = PBXFileReference; lastKnownFileType = sourcecode.swift; path = FriendRequestCell.swift; sourceTree = "<group>"; };
		F3366849FA1579D202FA53C8 /* Pods_PawKing.framework */ = {isa = PBXFileReference; explicitFileType = wrapper.framework; includeInIndex = 0; path = Pods_PawKing.framework; sourceTree = BUILT_PRODUCTS_DIR; };
/* End PBXFileReference section */

/* Begin PBXFrameworksBuildPhase section */
		B698DD96285881FB0009077E /* Frameworks */ = {
			isa = PBXFrameworksBuildPhase;
			buildActionMask = 2147483647;
			files = (
				C616981117A2021ACBB94FA1 /* Pods_PawKing.framework in Frameworks */,
			);
			runOnlyForDeploymentPostprocessing = 0;
		};
/* End PBXFrameworksBuildPhase section */

/* Begin PBXGroup section */
		1051B71BA028B970CA658A05 /* Pods */ = {
			isa = PBXGroup;
			children = (
				3892957CF3DC689420745EBB /* Pods-PawKing.debug.xcconfig */,
				5AF034E01BB911618BEB17BE /* Pods-PawKing.release.xcconfig */,
			);
			path = Pods;
			sourceTree = "<group>";
		};
		8BF07AE984E2C3E9E88C098B /* Frameworks */ = {
			isa = PBXGroup;
			children = (
				F3366849FA1579D202FA53C8 /* Pods_PawKing.framework */,
			);
			name = Frameworks;
			sourceTree = "<group>";
		};
		B63484D7285D858C00DB7CE7 /* Modal */ = {
			isa = PBXGroup;
			children = (
			);
			path = Modal;
			sourceTree = "<group>";
		};
		B63484D8285D859900DB7CE7 /* View */ = {
			isa = PBXGroup;
			children = (
				B63484DA285D85E900DB7CE7 /* UserConfigCell.swift */,
				B63484E0285DC70D00DB7CE7 /* PetConfigCell.swift */,
			);
			path = View;
			sourceTree = "<group>";
		};
		B63484D9285D85A000DB7CE7 /* Controller */ = {
			isa = PBXGroup;
			children = (
				B63484D2285D80C600DB7CE7 /* UserConfigViewController.swift */,
				B63484DE285DC62D00DB7CE7 /* PetConfigViewController.swift */,
				B63484D5285D80F100DB7CE7 /* BaseConfigViewController.swift */,
			);
			path = Controller;
			sourceTree = "<group>";
		};
		B63484E8285EEE0E00DB7CE7 /* Profile */ = {
			isa = PBXGroup;
			children = (
				B63484E9285EEE3000DB7CE7 /* Model */,
				B63484EA285EEE3900DB7CE7 /* View */,
				B63484EB285EEE4400DB7CE7 /* Controller */,
			);
			path = Profile;
			sourceTree = "<group>";
		};
		B63484E9285EEE3000DB7CE7 /* Model */ = {
			isa = PBXGroup;
			children = (
				B6E86A9F285F016A002B8C9A /* Profile.swift */,
				B6DD66E828757A5B00523197 /* Setting.swift */,
				B6E1573528772AC000D05796 /* TrackAnnotation.swift */,
				B6E157372877310700D05796 /* TrackAnnotationView.swift */,
			);
			path = Model;
			sourceTree = "<group>";
		};
		B63484EA285EEE3900DB7CE7 /* View */ = {
			isa = PBXGroup;
			children = (
				B67726EE288D779F0056DCBE /* Base */,
				B67726EF288D77D60056DCBE /* ProfileInfoCell.swift */,
				B6B0B605288D7D15005A141F /* OtherUserInfoCell.swift */,
				B6A91D6C28697CCC0049253A /* ProfileInfoReusableView.swift */,
				B6E86AA9285F7DAA002B8C9A /* PetItemCell.swift */,
				B6A91D6A2868909F0049253A /* PetItemBackReusableView.swift */,
				B6DD66D62874329700523197 /* OtherUserPetReusableView.swift */,
				B6E86AA3285F0B6B002B8C9A /* ContentButtonCell.swift */,
				B6DD66D42872EAE700523197 /* ContentButtonReusableView.swift */,
				B63484EC285EEE8800DB7CE7 /* PhotoItemCell.swift */,
				B6E86AA5285F0B85002B8C9A /* TrackHostoryCell.swift */,
				B651EDD328717AAC003A5F2B /* EditUserCell.swift */,
				B651EDD528718B8B003A5F2B /* EditPetCell.swift */,
				B6DD66E6287579F800523197 /* SettingCell.swift */,
			);
			path = View;
			sourceTree = "<group>";
		};
		B63484EB285EEE4400DB7CE7 /* Controller */ = {
			isa = PBXGroup;
			children = (
				B6B0B6072890CB11005A141F /* Base */,
				B698DDBC2858B8CC0009077E /* ProfileViewController.swift */,
				B6E86AAB2860309F002B8C9A /* EditProfileViewController.swift */,
				B6BF96132861EABC003627C1 /* TrackHistoryViewController.swift */,
				B66A15CD2866AE5400DF2663 /* UserPhotoWallViewController.swift */,
				B67726E6288D447D0056DCBE /* FriendListViewController.swift */,
				B6DD66E4287578D700523197 /* SettingViewController.swift */,
				B6DD66EA2875AD7A00523197 /* BlockListViewController.swift */,
				B6DD66EC2876803A00523197 /* PrivacyViewController.swift */,
			);
			path = Controller;
			sourceTree = "<group>";
		};
		B66A15B22863FA0200DF2663 /* Explore */ = {
			isa = PBXGroup;
			children = (
				B66A15B32864031500DF2663 /* Model */,
				B66A15B42864031C00DF2663 /* View */,
				B66A15B52864032300DF2663 /* Controller */,
			);
			path = Explore;
			sourceTree = "<group>";
		};
		B66A15B32864031500DF2663 /* Model */ = {
			isa = PBXGroup;
			children = (
			);
			path = Model;
			sourceTree = "<group>";
		};
		B66A15B42864031C00DF2663 /* View */ = {
			isa = PBXGroup;
			children = (
			);
			path = View;
			sourceTree = "<group>";
		};
		B66A15B52864032300DF2663 /* Controller */ = {
			isa = PBXGroup;
			children = (
				B698DDB62858B8850009077E /* ExploreViewController.swift */,
				B66A15B82864606700DF2663 /* ResultViewController.swift */,
			);
			path = Controller;
			sourceTree = "<group>";
		};
		B66A15BD2865898500DF2663 /* Chat */ = {
			isa = PBXGroup;
			children = (
				B66A15BE28658DC600DF2663 /* Model */,
				B66A15BF28658DD400DF2663 /* View */,
				B66A15C028658DDB00DF2663 /* Controller */,
			);
			path = Chat;
			sourceTree = "<group>";
		};
		B66A15BE28658DC600DF2663 /* Model */ = {
			isa = PBXGroup;
			children = (
				B66A15C128658DF500DF2663 /* Message.swift */,
				B66A15C32865917300DF2663 /* ChatManager.swift */,
			);
			path = Model;
			sourceTree = "<group>";
		};
		B66A15BF28658DD400DF2663 /* View */ = {
			isa = PBXGroup;
			children = (
				B66A15C52865C7E500DF2663 /* ChatRoomCell.swift */,
				B66A15C92865EC4300DF2663 /* UserMessageCell.swift */,
				B66A15CB2865ECA300DF2663 /* OtherUserMessageCell.swift */,
			);
			path = View;
			sourceTree = "<group>";
		};
		B66A15C028658DDB00DF2663 /* Controller */ = {
			isa = PBXGroup;
			children = (
				B698DDBA2858B8BA0009077E /* ChatRoomViewController.swift */,
				B66A15C72865E82D00DF2663 /* MessageViewController.swift */,
			);
			path = Controller;
			sourceTree = "<group>";
		};
		B67726E3288D2F960056DCBE /* InputView */ = {
			isa = PBXGroup;
			children = (
				B6A91D73286AE9070049253A /* InputTextView.swift */,
				B651EDCB286EA2F8003A5F2B /* InputTextField.swift */,
			);
			path = InputView;
			sourceTree = "<group>";
		};
		B67726E8288D4A390056DCBE /* View */ = {
			isa = PBXGroup;
			children = (
				B67726E3288D2F960056DCBE /* InputView */,
				B66A15BA28648B4900DF2663 /* UserListCell.swift */,
			);
			path = View;
			sourceTree = "<group>";
		};
		B67726E9288D4A480056DCBE /* Controller */ = {
			isa = PBXGroup;
			children = (
				B69C56382883A61B004DD552 /* UserListViewController.swift */,
			);
			path = Controller;
			sourceTree = "<group>";
		};
		B67726EE288D779F0056DCBE /* Base */ = {
			isa = PBXGroup;
			children = (
				B6E86AA1285F0AEE002B8C9A /* UserInfoCell.swift */,
			);
			path = Base;
			sourceTree = "<group>";
		};
		B698DD90285881FB0009077E = {
			isa = PBXGroup;
			children = (
				B698DD9B285881FB0009077E /* PawKing */,
				B698DD9A285881FB0009077E /* Products */,
				1051B71BA028B970CA658A05 /* Pods */,
				8BF07AE984E2C3E9E88C098B /* Frameworks */,
			);
			sourceTree = "<group>";
		};
		B698DD9A285881FB0009077E /* Products */ = {
			isa = PBXGroup;
			children = (
				B698DD99285881FB0009077E /* PawKing.app */,
			);
			name = Products;
			sourceTree = "<group>";
		};
		B698DD9B285881FB0009077E /* PawKing */ = {
			isa = PBXGroup;
			children = (
				B6A91D7B286BF3A30049253A /* PawKing.entitlements */,
				B698DD9C285881FB0009077E /* AppDelegate.swift */,
				B698DD9E285881FB0009077E /* SceneDelegate.swift */,
				B6DD66D828752D8900523197 /* Wrapper */,
				B6DD66DB2875355F00523197 /* AnimationJson */,
				B6A91D6E286A9AB90049253A /* Resource */,
				B698DDBE2858B98A0009077E /* Extension */,
				B69C56372883A601004DD552 /* Base */,
				B6ABE8E3285A0B8500B1A977 /* Model */,
				B6A91D78286BE5760049253A /* SignIn */,
				B6D4F6AC285D7EB70045DDB2 /* Configure */,
				B6D4F69F285C360E0045DDB2 /* Map */,
				B66A15B22863FA0200DF2663 /* Explore */,
				B6E86AAD28609BD9002B8C9A /* Post */,
				B63484E8285EEE0E00DB7CE7 /* Profile */,
				B66A15BD2865898500DF2663 /* Chat */,
				B698DDA0285881FB0009077E /* TabBarViewController.swift */,
				B698DDA2285881FB0009077E /* Main.storyboard */,
				B60007FF2876AB770087717F /* signIn.mp4 */,
				B6E157332876C5E600D05796 /* signUp.mp4 */,
				B69C5631287CFE18004DD552 /* pawking_icon.png */,
				B698DDA5285881FD0009077E /* Assets.xcassets */,
				B698DDAA285881FD0009077E /* Info.plist */,
				B698DDB228588D280009077E /* GoogleService-Info.plist */,
				B69C562F287C657B004DD552 /* LaunchScreen.storyboard */,
			);
			path = PawKing;
			sourceTree = "<group>";
		};
		B698DDBE2858B98A0009077E /* Extension */ = {
			isa = PBXGroup;
			children = (
				B698DDBF2858B99F0009077E /* UIImage+Extension.swift */,
				B698DDC12858CE9D0009077E /* UIView+Extension.swift */,
				B6ABE8DF285A06E300B1A977 /* UIColor+Extension.swift */,
				B6ABE8EA285AE41500B1A977 /* LocationRelated+Extension.swift */,
				B66A15D22867421800DF2663 /* UIImageView+Extension.swift */,
				B6A91D71286ACFDE0049253A /* Date+Extension.swift */,
				B6A91D7C286C827B0049253A /* Notification+Extension.swift */,
				B69C563528830DB6004DD552 /* UITabBar+Extension.swift */,
				B68B9DB42886980B00156B4D /* UIViewController+Extension.swift */,
				B68B9DB82886B0B300156B4D /* TimeInterval+Extension.swift */,
				B67726EC288D6F7F0056DCBE /* UICollectionViewCompositionalLayout+Extension.swift */,
			);
			path = Extension;
			sourceTree = "<group>";
		};
		B69C56372883A601004DD552 /* Base */ = {
			isa = PBXGroup;
			children = (
				B67726E8288D4A390056DCBE /* View */,
				B67726E9288D4A480056DCBE /* Controller */,
			);
			path = Base;
			sourceTree = "<group>";
		};
		B6A91D6E286A9AB90049253A /* Resource */ = {
			isa = PBXGroup;
			children = (
			);
			path = Resource;
			sourceTree = "<group>";
		};
		B6A91D78286BE5760049253A /* SignIn */ = {
			isa = PBXGroup;
			children = (
				B6B0B60E289406BD005A141F /* View */,
				B6A91D79286BE5A50049253A /* SignInViewController.swift */,
				B651EDCD286ED454003A5F2B /* RegisterViewController.swift */,
				B6DD66EF2876875400523197 /* EULAViewController.swift */,
			);
			path = SignIn;
			sourceTree = "<group>";
		};
		B6ABE8E3285A0B8500B1A977 /* Model */ = {
			isa = PBXGroup;
			children = (
				B6D4F6A2285C526A0045DDB2 /* FirebaseCollection.swift */,
				B6ABE8E6285A19C400B1A977 /* FirebaseError.swift */,
				B6D4F6AA285CDB150045DDB2 /* PKPhotoHelper.swift */,
				B6ABE8EC285AFC2B00B1A977 /* User.swift */,
				B6ABE8E8285AC08200B1A977 /* UserLocation.swift */,
				B6D4F69D285C35F80045DDB2 /* UserManager.swift */,
				B6D4F6A8285C62F10045DDB2 /* Pet.swift */,
				B63484E2285DC8D000DB7CE7 /* PetManager.swift */,
				B68B9DB62886AC8700156B4D /* LocationHelper.swift */,
				B6B0B60A2891232B005A141F /* AlertHelper.swift */,
			);
			path = Model;
			sourceTree = "<group>";
		};
		B6ABE8F0285B86DA00B1A977 /* View */ = {
			isa = PBXGroup;
			children = (
				B63484E6285E36F700DB7CE7 /* ChoosePetTableViewCell.swift */,
				B6D4F6A6285C5F9B0045DDB2 /* StrangerCardViewCell.swift */,
				B6A91D682868372B0049253A /* NoStrangerCell.swift */,
				B6E94319286DCA1700B3157F /* FriendRequestCell.swift */,
				B6B0B60C2892B300005A141F /* TrackDashboardView.swift */,
			);
			path = View;
			sourceTree = "<group>";
		};
		B6B0B6072890CB11005A141F /* Base */ = {
			isa = PBXGroup;
			children = (
				B6B0B6082890CB46005A141F /* UserProfileBaseViewController.swift */,
			);
			path = Base;
			sourceTree = "<group>";
		};
		B6B0B60E289406BD005A141F /* View */ = {
			isa = PBXGroup;
			children = (
				B6B0B61128940AED005A141F /* SignInView.swift */,
			);
			path = View;
			sourceTree = "<group>";
		};
		B6D4F69F285C360E0045DDB2 /* Map */ = {
			isa = PBXGroup;
			children = (
				B6D4F6A0285C367C0045DDB2 /* Model */,
				B6ABE8F0285B86DA00B1A977 /* View */,
				B6D4F6A1285C36950045DDB2 /* Controller */,
			);
			path = Map;
			sourceTree = "<group>";
		};
		B6D4F6A0285C367C0045DDB2 /* Model */ = {
			isa = PBXGroup;
			children = (
				B6ABE8E1285A0B7400B1A977 /* MapManager.swift */,
				B6ABE8F3285B87AB00B1A977 /* UserAnnotation.swift */,
				B66A15D42867500C00DF2663 /* UserAnnotationView.swift */,
			);
			path = Model;
			sourceTree = "<group>";
		};
		B6D4F6A1285C36950045DDB2 /* Controller */ = {
			isa = PBXGroup;
			children = (
				B698DDB42858B8540009077E /* HomeViewController.swift */,
				B68B9DBC2887A8AF00156B4D /* MapViewController.swift */,
				B68B9DB22886965A00156B4D /* StrangerViewController.swift */,
				B63484E4285E1E5300DB7CE7 /* ChoosePetViewController.swift */,
				B6E94317286DC83100B3157F /* FriendRequestViewController.swift */,
			);
			path = Controller;
			sourceTree = "<group>";
		};
		B6D4F6AC285D7EB70045DDB2 /* Configure */ = {
			isa = PBXGroup;
			children = (
				B63484D7285D858C00DB7CE7 /* Modal */,
				B63484D8285D859900DB7CE7 /* View */,
				B63484D9285D85A000DB7CE7 /* Controller */,
			);
			path = Configure;
			sourceTree = "<group>";
		};
		B6DD66D828752D8900523197 /* Wrapper */ = {
			isa = PBXGroup;
			children = (
				B6DD66D928752DAB00523197 /* LottieWrapper.swift */,
			);
			path = Wrapper;
			sourceTree = "<group>";
		};
		B6DD66DB2875355F00523197 /* AnimationJson */ = {
			isa = PBXGroup;
			children = (
				B69C562B287A7C47004DD552 /* loading.json */,
				B69C563E2883FBA1004DD552 /* like.json */,
				B6DD66E22875538B00523197 /* error.json */,
			);
			path = AnimationJson;
			sourceTree = "<group>";
		};
		B6E86AAD28609BD9002B8C9A /* Post */ = {
			isa = PBXGroup;
			children = (
				B6E86AAE28609C81002B8C9A /* Model */,
				B6E86AAF28609C92002B8C9A /* View */,
				B6E86AB028609C99002B8C9A /* Controller */,
			);
			path = Post;
			sourceTree = "<group>";
		};
		B6E86AAE28609C81002B8C9A /* Model */ = {
			isa = PBXGroup;
			children = (
				B6E86AA7285F1EB4002B8C9A /* Post.swift */,
				B6E86AB128609CB7002B8C9A /* PostManager.swift */,
			);
			path = Model;
			sourceTree = "<group>";
		};
		B6E86AAF28609C92002B8C9A /* View */ = {
			isa = PBXGroup;
			children = (
				B6BF96192862A9CF003627C1 /* PhotoPostCell.swift */,
				B6BF961B28630C4E003627C1 /* CommentCell.swift */,
			);
			path = View;
			sourceTree = "<group>";
		};
		B6E86AB028609C99002B8C9A /* Controller */ = {
			isa = PBXGroup;
			children = (
				B698DDB82858B8A90009077E /* PublishViewController.swift */,
				B6BF96172862A467003627C1 /* PhotoPostViewController.swift */,
				B67726E4288D3F6E0056DCBE /* LikeUserListViewController.swift */,
			);
			path = Controller;
			sourceTree = "<group>";
		};
/* End PBXGroup section */

/* Begin PBXNativeTarget section */
		B698DD98285881FB0009077E /* PawKing */ = {
			isa = PBXNativeTarget;
			buildConfigurationList = B698DDAD285881FD0009077E /* Build configuration list for PBXNativeTarget "PawKing" */;
			buildPhases = (
				A5C3222AA92B63E382C65836 /* [CP] Check Pods Manifest.lock */,
				B698DD95285881FB0009077E /* Sources */,
				B698DD96285881FB0009077E /* Frameworks */,
				B698DD97285881FB0009077E /* Resources */,
				40CC832ED6627C2E4E5E7ED9 /* [CP] Embed Pods Frameworks */,
				B6ABE8DE285998C700B1A977 /* Run SwiftLint */,
				B6E157392878297D00D05796 /* Run Crashlytics */,
			);
			buildRules = (
			);
			dependencies = (
			);
			name = PawKing;
			productName = PawKing;
			productReference = B698DD99285881FB0009077E /* PawKing.app */;
			productType = "com.apple.product-type.application";
		};
/* End PBXNativeTarget section */

/* Begin PBXProject section */
		B698DD91285881FB0009077E /* Project object */ = {
			isa = PBXProject;
			attributes = {
				BuildIndependentTargetsInParallel = 1;
				LastSwiftUpdateCheck = 1340;
				LastUpgradeCheck = 1340;
				TargetAttributes = {
					B698DD98285881FB0009077E = {
						CreatedOnToolsVersion = 13.4.1;
					};
				};
			};
			buildConfigurationList = B698DD94285881FB0009077E /* Build configuration list for PBXProject "PawKing" */;
			compatibilityVersion = "Xcode 13.0";
			developmentRegion = en;
			hasScannedForEncodings = 0;
			knownRegions = (
				en,
				Base,
			);
			mainGroup = B698DD90285881FB0009077E;
			productRefGroup = B698DD9A285881FB0009077E /* Products */;
			projectDirPath = "";
			projectRoot = "";
			targets = (
				B698DD98285881FB0009077E /* PawKing */,
			);
		};
/* End PBXProject section */

/* Begin PBXResourcesBuildPhase section */
		B698DD97285881FB0009077E /* Resources */ = {
			isa = PBXResourcesBuildPhase;
			buildActionMask = 2147483647;
			files = (
				B6DD66E32875538B00523197 /* error.json in Resources */,
				B69C562C287A7C47004DD552 /* loading.json in Resources */,
				B69C5630287C657B004DD552 /* LaunchScreen.storyboard in Resources */,
				B69C5632287CFE18004DD552 /* pawking_icon.png in Resources */,
				B698DDB328588D280009077E /* GoogleService-Info.plist in Resources */,
				B698DDA6285881FD0009077E /* Assets.xcassets in Resources */,
				B60008002876AB7B0087717F /* signIn.mp4 in Resources */,
				B698DDA4285881FB0009077E /* Main.storyboard in Resources */,
				B69C563F2883FBA1004DD552 /* like.json in Resources */,
				B6E157342876C5EF00D05796 /* signUp.mp4 in Resources */,
			);
			runOnlyForDeploymentPostprocessing = 0;
		};
/* End PBXResourcesBuildPhase section */

/* Begin PBXShellScriptBuildPhase section */
		40CC832ED6627C2E4E5E7ED9 /* [CP] Embed Pods Frameworks */ = {
			isa = PBXShellScriptBuildPhase;
			buildActionMask = 2147483647;
			files = (
			);
			inputFileListPaths = (
				"${PODS_ROOT}/Target Support Files/Pods-PawKing/Pods-PawKing-frameworks-${CONFIGURATION}-input-files.xcfilelist",
			);
			name = "[CP] Embed Pods Frameworks";
			outputFileListPaths = (
				"${PODS_ROOT}/Target Support Files/Pods-PawKing/Pods-PawKing-frameworks-${CONFIGURATION}-output-files.xcfilelist",
			);
			runOnlyForDeploymentPostprocessing = 0;
			shellPath = /bin/sh;
			shellScript = "\"${PODS_ROOT}/Target Support Files/Pods-PawKing/Pods-PawKing-frameworks.sh\"\n";
			showEnvVarsInLog = 0;
		};
		A5C3222AA92B63E382C65836 /* [CP] Check Pods Manifest.lock */ = {
			isa = PBXShellScriptBuildPhase;
			buildActionMask = 2147483647;
			files = (
			);
			inputFileListPaths = (
			);
			inputPaths = (
				"${PODS_PODFILE_DIR_PATH}/Podfile.lock",
				"${PODS_ROOT}/Manifest.lock",
			);
			name = "[CP] Check Pods Manifest.lock";
			outputFileListPaths = (
			);
			outputPaths = (
				"$(DERIVED_FILE_DIR)/Pods-PawKing-checkManifestLockResult.txt",
			);
			runOnlyForDeploymentPostprocessing = 0;
			shellPath = /bin/sh;
			shellScript = "diff \"${PODS_PODFILE_DIR_PATH}/Podfile.lock\" \"${PODS_ROOT}/Manifest.lock\" > /dev/null\nif [ $? != 0 ] ; then\n    # print error to STDERR\n    echo \"error: The sandbox is not in sync with the Podfile.lock. Run 'pod install' or update your CocoaPods installation.\" >&2\n    exit 1\nfi\n# This output is used by Xcode 'outputs' to avoid re-running this script phase.\necho \"SUCCESS\" > \"${SCRIPT_OUTPUT_FILE_0}\"\n";
			showEnvVarsInLog = 0;
		};
		B6ABE8DE285998C700B1A977 /* Run SwiftLint */ = {
			isa = PBXShellScriptBuildPhase;
			buildActionMask = 2147483647;
			files = (
			);
			inputFileListPaths = (
			);
			inputPaths = (
			);
			name = "Run SwiftLint";
			outputFileListPaths = (
			);
			outputPaths = (
			);
			runOnlyForDeploymentPostprocessing = 0;
			shellPath = /bin/sh;
			shellScript = "\"${PODS_ROOT}/SwiftLint/swiftlint\"\n\n";
		};
		B6E157392878297D00D05796 /* Run Crashlytics */ = {
			isa = PBXShellScriptBuildPhase;
			buildActionMask = 2147483647;
			files = (
			);
			inputFileListPaths = (
			);
			inputPaths = (
				"${DWARF_DSYM_FOLDER_PATH}/${DWARF_DSYM_FILE_NAME}/Contents/Resources/DWARF/${TARGET_NAME}",
				"$(SRCROOT)/$(BUILT_PRODUCTS_DIR)/$(INFOPLIST_PATH)",
			);
			name = "Run Crashlytics";
			outputFileListPaths = (
			);
			outputPaths = (
			);
			runOnlyForDeploymentPostprocessing = 0;
			shellPath = /bin/sh;
			shellScript = "\"${PODS_ROOT}/FirebaseCrashlytics/run\"\n";
		};
/* End PBXShellScriptBuildPhase section */

/* Begin PBXSourcesBuildPhase section */
		B698DD95285881FB0009077E /* Sources */ = {
			isa = PBXSourcesBuildPhase;
			buildActionMask = 2147483647;
			files = (
				B63484DB285D85E900DB7CE7 /* UserConfigCell.swift in Sources */,
				B66A15C62865C7E500DF2663 /* ChatRoomCell.swift in Sources */,
				B66A15D32867421900DF2663 /* UIImageView+Extension.swift in Sources */,
				B6E86AA6285F0B85002B8C9A /* TrackHostoryCell.swift in Sources */,
				B6B0B60B2891232B005A141F /* AlertHelper.swift in Sources */,
				B6ABE8E7285A19C400B1A977 /* FirebaseError.swift in Sources */,
				B69C563628830DB6004DD552 /* UITabBar+Extension.swift in Sources */,
				B6BF961C28630C4E003627C1 /* CommentCell.swift in Sources */,
				B6A91D74286AE9070049253A /* InputTextView.swift in Sources */,
				B6E86AAC2860309F002B8C9A /* EditProfileViewController.swift in Sources */,
				B63484DF285DC62D00DB7CE7 /* PetConfigViewController.swift in Sources */,
				B698DDA1285881FB0009077E /* TabBarViewController.swift in Sources */,
				B63484E7285E36F700DB7CE7 /* ChoosePetTableViewCell.swift in Sources */,
				B68B9DB72886AC8700156B4D /* LocationHelper.swift in Sources */,
				B6E157382877310700D05796 /* TrackAnnotationView.swift in Sources */,
				B66A15B92864606700DF2663 /* ResultViewController.swift in Sources */,
				B6E86AA4285F0B6B002B8C9A /* ContentButtonCell.swift in Sources */,
				B6D4F69E285C35F80045DDB2 /* UserManager.swift in Sources */,
				B66A15CA2865EC4300DF2663 /* UserMessageCell.swift in Sources */,
				B67726ED288D6F7F0056DCBE /* UICollectionViewCompositionalLayout+Extension.swift in Sources */,
				B63484E3285DC8D000DB7CE7 /* PetManager.swift in Sources */,
				B6A91D6D28697CCC0049253A /* ProfileInfoReusableView.swift in Sources */,
				B6DD66ED2876803A00523197 /* PrivacyViewController.swift in Sources */,
				B6B0B60D2892B300005A141F /* TrackDashboardView.swift in Sources */,
				B698DD9D285881FB0009077E /* AppDelegate.swift in Sources */,
				B66A15C82865E82D00DF2663 /* MessageViewController.swift in Sources */,
				B63484E1285DC70D00DB7CE7 /* PetConfigCell.swift in Sources */,
				B698DDB92858B8A90009077E /* PublishViewController.swift in Sources */,
				B63484D3285D80C600DB7CE7 /* UserConfigViewController.swift in Sources */,
				B6ABE8ED285AFC2B00B1A977 /* User.swift in Sources */,
				B6ABE8E0285A06E300B1A977 /* UIColor+Extension.swift in Sources */,
				B66A15CE2866AE5400DF2663 /* UserPhotoWallViewController.swift in Sources */,
				B6DD66D52872EAE700523197 /* ContentButtonReusableView.swift in Sources */,
				B68B9DB52886980B00156B4D /* UIViewController+Extension.swift in Sources */,
				B6DD66E7287579F800523197 /* SettingCell.swift in Sources */,
				B6DD66DA28752DAB00523197 /* LottieWrapper.swift in Sources */,
				B68B9DBD2887A8AF00156B4D /* MapViewController.swift in Sources */,
				B6ABE8E9285AC08200B1A977 /* UserLocation.swift in Sources */,
				B63484D6285D80F100DB7CE7 /* BaseConfigViewController.swift in Sources */,
				B651EDD628718B8B003A5F2B /* EditPetCell.swift in Sources */,
				B6B0B61228940AED005A141F /* SignInView.swift in Sources */,
				B63484ED285EEE8800DB7CE7 /* PhotoItemCell.swift in Sources */,
				B66A15BB28648B4900DF2663 /* UserListCell.swift in Sources */,
				B651EDD428717AAC003A5F2B /* EditUserCell.swift in Sources */,
				B6E86AA0285F016A002B8C9A /* Profile.swift in Sources */,
				B6A91D7A286BE5A60049253A /* SignInViewController.swift in Sources */,
				B67726F0288D77D60056DCBE /* ProfileInfoCell.swift in Sources */,
				B6ABE8E2285A0B7400B1A977 /* MapManager.swift in Sources */,
				B6B0B606288D7D15005A141F /* OtherUserInfoCell.swift in Sources */,
				B6A91D7D286C827B0049253A /* Notification+Extension.swift in Sources */,
				B66A15C42865917300DF2663 /* ChatManager.swift in Sources */,
				B6E1573628772AC000D05796 /* TrackAnnotation.swift in Sources */,
				B6A91D692868372B0049253A /* NoStrangerCell.swift in Sources */,
				B6E86AA2285F0AEE002B8C9A /* UserInfoCell.swift in Sources */,
				B6DD66E928757A5B00523197 /* Setting.swift in Sources */,
				B63484E5285E1E5300DB7CE7 /* ChoosePetViewController.swift in Sources */,
				B6BF96142861EABC003627C1 /* TrackHistoryViewController.swift in Sources */,
				B6ABE8F4285B87AB00B1A977 /* UserAnnotation.swift in Sources */,
				B67726E5288D3F6E0056DCBE /* LikeUserListViewController.swift in Sources */,
				B69C56392883A61B004DD552 /* UserListViewController.swift in Sources */,
				B698DDC02858B99F0009077E /* UIImage+Extension.swift in Sources */,
				B6A91D6B2868909F0049253A /* PetItemBackReusableView.swift in Sources */,
				B698DDBB2858B8BA0009077E /* ChatRoomViewController.swift in Sources */,
				B6DD66EB2875AD7A00523197 /* BlockListViewController.swift in Sources */,
				B698DDB72858B8850009077E /* ExploreViewController.swift in Sources */,
				B6D4F6AB285CDB150045DDB2 /* PKPhotoHelper.swift in Sources */,
				B698DD9F285881FB0009077E /* SceneDelegate.swift in Sources */,
				B6A91D72286ACFDE0049253A /* Date+Extension.swift in Sources */,
				B67726E7288D447D0056DCBE /* FriendListViewController.swift in Sources */,
				B6BF961A2862A9CF003627C1 /* PhotoPostCell.swift in Sources */,
				B6B0B6092890CB46005A141F /* UserProfileBaseViewController.swift in Sources */,
				B698DDBD2858B8CC0009077E /* ProfileViewController.swift in Sources */,
				B6DD66E5287578D700523197 /* SettingViewController.swift in Sources */,
				B698DDC22858CE9D0009077E /* UIView+Extension.swift in Sources */,
				B6DD66D72874329700523197 /* OtherUserPetReusableView.swift in Sources */,
				B66A15C228658DF500DF2663 /* Message.swift in Sources */,
				B6E9431A286DCA1700B3157F /* FriendRequestCell.swift in Sources */,
				B6DD66F02876875400523197 /* EULAViewController.swift in Sources */,
				B6BF96182862A467003627C1 /* PhotoPostViewController.swift in Sources */,
				B698DDB52858B8540009077E /* HomeViewController.swift in Sources */,
				B6E94318286DC83100B3157F /* FriendRequestViewController.swift in Sources */,
				B68B9DB92886B0B300156B4D /* TimeInterval+Extension.swift in Sources */,
				B68B9DB32886965A00156B4D /* StrangerViewController.swift in Sources */,
				B6D4F6A3285C526A0045DDB2 /* FirebaseCollection.swift in Sources */,
				B6D4F6A7285C5F9B0045DDB2 /* StrangerCardViewCell.swift in Sources */,
				B6E86AAA285F7DAA002B8C9A /* PetItemCell.swift in Sources */,
				B66A15D52867500C00DF2663 /* UserAnnotationView.swift in Sources */,
				B6E86AA8285F1EB4002B8C9A /* Post.swift in Sources */,
				B6ABE8EB285AE41500B1A977 /* LocationRelated+Extension.swift in Sources */,
				B651EDCE286ED454003A5F2B /* RegisterViewController.swift in Sources */,
				B66A15CC2865ECA300DF2663 /* OtherUserMessageCell.swift in Sources */,
				B6D4F6A9285C62F10045DDB2 /* Pet.swift in Sources */,
				B651EDCC286EA2F8003A5F2B /* InputTextField.swift in Sources */,
				B6E86AB228609CB7002B8C9A /* PostManager.swift in Sources */,
			);
			runOnlyForDeploymentPostprocessing = 0;
		};
/* End PBXSourcesBuildPhase section */

/* Begin PBXVariantGroup section */
		B698DDA2285881FB0009077E /* Main.storyboard */ = {
			isa = PBXVariantGroup;
			children = (
				B698DDA3285881FB0009077E /* Base */,
			);
			name = Main.storyboard;
			sourceTree = "<group>";
		};
/* End PBXVariantGroup section */

/* Begin XCBuildConfiguration section */
		B698DDAB285881FD0009077E /* Debug */ = {
			isa = XCBuildConfiguration;
			buildSettings = {
				ALWAYS_SEARCH_USER_PATHS = NO;
				CLANG_ANALYZER_NONNULL = YES;
				CLANG_ANALYZER_NUMBER_OBJECT_CONVERSION = YES_AGGRESSIVE;
				CLANG_CXX_LANGUAGE_STANDARD = "gnu++17";
				CLANG_ENABLE_MODULES = YES;
				CLANG_ENABLE_OBJC_ARC = YES;
				CLANG_ENABLE_OBJC_WEAK = YES;
				CLANG_WARN_BLOCK_CAPTURE_AUTORELEASING = YES;
				CLANG_WARN_BOOL_CONVERSION = YES;
				CLANG_WARN_COMMA = YES;
				CLANG_WARN_CONSTANT_CONVERSION = YES;
				CLANG_WARN_DEPRECATED_OBJC_IMPLEMENTATIONS = YES;
				CLANG_WARN_DIRECT_OBJC_ISA_USAGE = YES_ERROR;
				CLANG_WARN_DOCUMENTATION_COMMENTS = YES;
				CLANG_WARN_EMPTY_BODY = YES;
				CLANG_WARN_ENUM_CONVERSION = YES;
				CLANG_WARN_INFINITE_RECURSION = YES;
				CLANG_WARN_INT_CONVERSION = YES;
				CLANG_WARN_NON_LITERAL_NULL_CONVERSION = YES;
				CLANG_WARN_OBJC_IMPLICIT_RETAIN_SELF = YES;
				CLANG_WARN_OBJC_LITERAL_CONVERSION = YES;
				CLANG_WARN_OBJC_ROOT_CLASS = YES_ERROR;
				CLANG_WARN_QUOTED_INCLUDE_IN_FRAMEWORK_HEADER = YES;
				CLANG_WARN_RANGE_LOOP_ANALYSIS = YES;
				CLANG_WARN_STRICT_PROTOTYPES = YES;
				CLANG_WARN_SUSPICIOUS_MOVE = YES;
				CLANG_WARN_UNGUARDED_AVAILABILITY = YES_AGGRESSIVE;
				CLANG_WARN_UNREACHABLE_CODE = YES;
				CLANG_WARN__DUPLICATE_METHOD_MATCH = YES;
				COPY_PHASE_STRIP = NO;
				DEBUG_INFORMATION_FORMAT = dwarf;
				ENABLE_STRICT_OBJC_MSGSEND = YES;
				ENABLE_TESTABILITY = YES;
				GCC_C_LANGUAGE_STANDARD = gnu11;
				GCC_DYNAMIC_NO_PIC = NO;
				GCC_NO_COMMON_BLOCKS = YES;
				GCC_OPTIMIZATION_LEVEL = 0;
				GCC_PREPROCESSOR_DEFINITIONS = (
					"DEBUG=1",
					"$(inherited)",
				);
				GCC_WARN_64_TO_32_BIT_CONVERSION = YES;
				GCC_WARN_ABOUT_RETURN_TYPE = YES_ERROR;
				GCC_WARN_UNDECLARED_SELECTOR = YES;
				GCC_WARN_UNINITIALIZED_AUTOS = YES_AGGRESSIVE;
				GCC_WARN_UNUSED_FUNCTION = YES;
				GCC_WARN_UNUSED_VARIABLE = YES;
				IPHONEOS_DEPLOYMENT_TARGET = 15.0;
				MTL_ENABLE_DEBUG_INFO = INCLUDE_SOURCE;
				MTL_FAST_MATH = YES;
				ONLY_ACTIVE_ARCH = YES;
				SDKROOT = iphoneos;
				SWIFT_ACTIVE_COMPILATION_CONDITIONS = DEBUG;
				SWIFT_OPTIMIZATION_LEVEL = "-Onone";
			};
			name = Debug;
		};
		B698DDAC285881FD0009077E /* Release */ = {
			isa = XCBuildConfiguration;
			buildSettings = {
				ALWAYS_SEARCH_USER_PATHS = NO;
				CLANG_ANALYZER_NONNULL = YES;
				CLANG_ANALYZER_NUMBER_OBJECT_CONVERSION = YES_AGGRESSIVE;
				CLANG_CXX_LANGUAGE_STANDARD = "gnu++17";
				CLANG_ENABLE_MODULES = YES;
				CLANG_ENABLE_OBJC_ARC = YES;
				CLANG_ENABLE_OBJC_WEAK = YES;
				CLANG_WARN_BLOCK_CAPTURE_AUTORELEASING = YES;
				CLANG_WARN_BOOL_CONVERSION = YES;
				CLANG_WARN_COMMA = YES;
				CLANG_WARN_CONSTANT_CONVERSION = YES;
				CLANG_WARN_DEPRECATED_OBJC_IMPLEMENTATIONS = YES;
				CLANG_WARN_DIRECT_OBJC_ISA_USAGE = YES_ERROR;
				CLANG_WARN_DOCUMENTATION_COMMENTS = YES;
				CLANG_WARN_EMPTY_BODY = YES;
				CLANG_WARN_ENUM_CONVERSION = YES;
				CLANG_WARN_INFINITE_RECURSION = YES;
				CLANG_WARN_INT_CONVERSION = YES;
				CLANG_WARN_NON_LITERAL_NULL_CONVERSION = YES;
				CLANG_WARN_OBJC_IMPLICIT_RETAIN_SELF = YES;
				CLANG_WARN_OBJC_LITERAL_CONVERSION = YES;
				CLANG_WARN_OBJC_ROOT_CLASS = YES_ERROR;
				CLANG_WARN_QUOTED_INCLUDE_IN_FRAMEWORK_HEADER = YES;
				CLANG_WARN_RANGE_LOOP_ANALYSIS = YES;
				CLANG_WARN_STRICT_PROTOTYPES = YES;
				CLANG_WARN_SUSPICIOUS_MOVE = YES;
				CLANG_WARN_UNGUARDED_AVAILABILITY = YES_AGGRESSIVE;
				CLANG_WARN_UNREACHABLE_CODE = YES;
				CLANG_WARN__DUPLICATE_METHOD_MATCH = YES;
				COPY_PHASE_STRIP = NO;
				DEBUG_INFORMATION_FORMAT = "dwarf-with-dsym";
				ENABLE_NS_ASSERTIONS = NO;
				ENABLE_STRICT_OBJC_MSGSEND = YES;
				GCC_C_LANGUAGE_STANDARD = gnu11;
				GCC_NO_COMMON_BLOCKS = YES;
				GCC_WARN_64_TO_32_BIT_CONVERSION = YES;
				GCC_WARN_ABOUT_RETURN_TYPE = YES_ERROR;
				GCC_WARN_UNDECLARED_SELECTOR = YES;
				GCC_WARN_UNINITIALIZED_AUTOS = YES_AGGRESSIVE;
				GCC_WARN_UNUSED_FUNCTION = YES;
				GCC_WARN_UNUSED_VARIABLE = YES;
				IPHONEOS_DEPLOYMENT_TARGET = 15.0;
				MTL_ENABLE_DEBUG_INFO = NO;
				MTL_FAST_MATH = YES;
				SDKROOT = iphoneos;
				SWIFT_COMPILATION_MODE = wholemodule;
				SWIFT_OPTIMIZATION_LEVEL = "-O";
				VALIDATE_PRODUCT = YES;
			};
			name = Release;
		};
		B698DDAE285881FD0009077E /* Debug */ = {
			isa = XCBuildConfiguration;
			baseConfigurationReference = 3892957CF3DC689420745EBB /* Pods-PawKing.debug.xcconfig */;
			buildSettings = {
				ASSETCATALOG_COMPILER_APPICON_NAME = AppIcon;
				ASSETCATALOG_COMPILER_GLOBAL_ACCENT_COLOR_NAME = AccentColor;
				CODE_SIGN_ENTITLEMENTS = PawKing/PawKing.entitlements;
				CODE_SIGN_STYLE = Automatic;
				CURRENT_PROJECT_VERSION = 1;
				DEBUG_INFORMATION_FORMAT = "dwarf-with-dsym";
				DEVELOPMENT_TEAM = RUXNPB6ZP3;
				GENERATE_INFOPLIST_FILE = YES;
				INFOPLIST_FILE = PawKing/Info.plist;
				INFOPLIST_KEY_NSCameraUsageDescription = "Please allows PawKing to access your camera that you could take your pet's photo and share to others.";
				INFOPLIST_KEY_NSLocationWhenInUseUsageDescription = "PawKing requires your precise location to track your pet walks which you could check out later and provide you feature of showing the pets near by you. We will not disclose any location of you to others.";
				INFOPLIST_KEY_NSPhotoLibraryUsageDescription = "Please allows PawKing to access your photos that you could share your pet's photo to others.";
				INFOPLIST_KEY_UIApplicationSupportsIndirectInputEvents = YES;
				INFOPLIST_KEY_UILaunchStoryboardName = LaunchScreen;
				INFOPLIST_KEY_UIMainStoryboardFile = Main;
				INFOPLIST_KEY_UISupportedInterfaceOrientations = UIInterfaceOrientationPortrait;
				INFOPLIST_KEY_UISupportedInterfaceOrientations_iPhone = UIInterfaceOrientationPortrait;
				INFOPLIST_KEY_UIUserInterfaceStyle = Light;
				LD_RUNPATH_SEARCH_PATHS = (
					"$(inherited)",
					"@executable_path/Frameworks",
				);
				MARKETING_VERSION = 1.0.2;
				PRODUCT_BUNDLE_IDENTIFIER = com.domchang.PawKing;
				PRODUCT_NAME = "$(TARGET_NAME)";
				SWIFT_EMIT_LOC_STRINGS = YES;
				SWIFT_VERSION = 5.0;
				TARGETED_DEVICE_FAMILY = 1;
			};
			name = Debug;
		};
		B698DDAF285881FD0009077E /* Release */ = {
			isa = XCBuildConfiguration;
			baseConfigurationReference = 5AF034E01BB911618BEB17BE /* Pods-PawKing.release.xcconfig */;
			buildSettings = {
				ASSETCATALOG_COMPILER_APPICON_NAME = AppIcon;
				ASSETCATALOG_COMPILER_GLOBAL_ACCENT_COLOR_NAME = AccentColor;
				CODE_SIGN_ENTITLEMENTS = PawKing/PawKing.entitlements;
				CODE_SIGN_STYLE = Automatic;
				CURRENT_PROJECT_VERSION = 1;
				DEVELOPMENT_TEAM = RUXNPB6ZP3;
				GENERATE_INFOPLIST_FILE = YES;
				INFOPLIST_FILE = PawKing/Info.plist;
				INFOPLIST_KEY_NSCameraUsageDescription = "Please allows PawKing to access your camera that you could take your pet's photo and share to others.";
				INFOPLIST_KEY_NSLocationWhenInUseUsageDescription = "PawKing requires your precise location to track your pet walks which you could check out later and provide you feature of showing the pets near by you. We will not disclose any location of you to others.";
				INFOPLIST_KEY_NSPhotoLibraryUsageDescription = "Please allows PawKing to access your photos that you could share your pet's photo to others.";
				INFOPLIST_KEY_UIApplicationSupportsIndirectInputEvents = YES;
				INFOPLIST_KEY_UILaunchStoryboardName = LaunchScreen;
				INFOPLIST_KEY_UIMainStoryboardFile = Main;
				INFOPLIST_KEY_UISupportedInterfaceOrientations = UIInterfaceOrientationPortrait;
				INFOPLIST_KEY_UISupportedInterfaceOrientations_iPhone = UIInterfaceOrientationPortrait;
				INFOPLIST_KEY_UIUserInterfaceStyle = Light;
				LD_RUNPATH_SEARCH_PATHS = (
					"$(inherited)",
					"@executable_path/Frameworks",
				);
				MARKETING_VERSION = 1.0.2;
				PRODUCT_BUNDLE_IDENTIFIER = com.domchang.PawKing;
				PRODUCT_NAME = "$(TARGET_NAME)";
				SWIFT_EMIT_LOC_STRINGS = YES;
				SWIFT_VERSION = 5.0;
				TARGETED_DEVICE_FAMILY = 1;
			};
			name = Release;
		};
/* End XCBuildConfiguration section */

/* Begin XCConfigurationList section */
		B698DD94285881FB0009077E /* Build configuration list for PBXProject "PawKing" */ = {
			isa = XCConfigurationList;
			buildConfigurations = (
				B698DDAB285881FD0009077E /* Debug */,
				B698DDAC285881FD0009077E /* Release */,
			);
			defaultConfigurationIsVisible = 0;
			defaultConfigurationName = Release;
		};
		B698DDAD285881FD0009077E /* Build configuration list for PBXNativeTarget "PawKing" */ = {
			isa = XCConfigurationList;
			buildConfigurations = (
				B698DDAE285881FD0009077E /* Debug */,
				B698DDAF285881FD0009077E /* Release */,
			);
			defaultConfigurationIsVisible = 0;
			defaultConfigurationName = Release;
		};
/* End XCConfigurationList section */
	};
	rootObject = B698DD91285881FB0009077E /* Project object */;
}
